
Microsoft Visual Studio Solution File, Format Version 12.00
# Visual Studio 2013
VisualStudioVersion = 12.0.21005.1
MinimumVisualStudioVersion = 10.0.40219.1
Project("{FAE04EC0-301F-11D3-BF4B-00C04F79EFBC}") = "1.Cinema", "1.Cinema\1.Cinema.csproj", "{0E248B83-287D-469A-93D5-B3BBD24E889F}"
EndProject
Project("{FAE04EC0-301F-11D3-BF4B-00C04F79EFBC}") = "2.Illuminati", "2.Illuminati\2.Illuminati.csproj", "{C92A654A-7139-44BB-AA64-B32359F095C0}"
EndProject
Project("{FAE04EC0-301F-11D3-BF4B-00C04F79EFBC}") = "3.NewHouse", "3.NewHouse\3.NewHouse.csproj", "{F735EC5A-182B-487A-BB2E-BD6E069736E5}"
EndProject
Project("{FAE04EC0-301F-11D3-BF4B-00C04F79EFBC}") = "4.CrossingSequences", "4.CrossingSequences\4.CrossingSequences.csproj", "{4E15664C-E9F8-4B43-928A-F18C2E150D0B}"
EndProject
Project("{FAE04EC0-301F-11D3-BF4B-00C04F79EFBC}") = "5.CatchTheBits", "5.CatchTheBits\5.CatchTheBits.csproj", "{31B40B5D-D3DA-476F-9662-9A1978834372}"
EndProject
Global
	GlobalSection(SolutionConfigurationPlatforms) = preSolution
		Debug|Any CPU = Debug|Any CPU
		Release|Any CPU = Release|Any CPU
	EndGlobalSection
	GlobalSection(ProjectConfigurationPlatforms) = postSolution
		{0E248B83-287D-469A-93D5-B3BBD24E889F}.Debug|Any CPU.ActiveCfg = Debug|Any CPU
		{0E248B83-287D-469A-93D5-B3BBD24E889F}.Debug|Any CPU.Build.0 = Debug|Any CPU
		{0E248B83-287D-469A-93D5-B3BBD24E889F}.Release|Any CPU.ActiveCfg = Release|Any CPU
		{0E248B83-287D-469A-93D5-B3BBD24E889F}.Release|Any CPU.Build.0 = Release|Any CPU
		{C92A654A-7139-44BB-AA64-B32359F095C0}.Debug|Any CPU.ActiveCfg = Debug|Any CPU
		{C92A654A-7139-44BB-AA64-B32359F095C0}.Debug|Any CPU.Build.0 = Debug|Any CPU
		{C92A654A-7139-44BB-AA64-B32359F095C0}.Release|Any CPU.ActiveCfg = Release|Any CPU
		{C92A654A-7139-44BB-AA64-B32359F095C0}.Release|Any CPU.Build.0 = Release|Any CPU
		{F735EC5A-182B-487A-BB2E-BD6E069736E5}.Debug|Any CPU.ActiveCfg = Debug|Any CPU
		{F735EC5A-182B-487A-BB2E-BD6E069736E5}.Debug|Any CPU.Build.0 = Debug|Any CPU
		{F735EC5A-182B-487A-BB2E-BD6E069736E5}.Release|Any CPU.ActiveCfg = Release|Any CPU
		{F735EC5A-182B-487A-BB2E-BD6E069736E5}.Release|Any CPU.Build.0 = Release|Any CPU
		{4E15664C-E9F8-4B43-928A-F18C2E150D0B}.Debug|Any CPU.ActiveCfg = Debug|Any CPU
		{4E15664C-E9F8-4B43-928A-F18C2E150D0B}.Debug|Any CPU.Build.0 = Debug|Any CPU
		{4E15664C-E9F8-4B43-928A-F18C2E150D0B}.Release|Any CPU.ActiveCfg = Release|Any CPU
		{4E15664C-E9F8-4B43-928A-F18C2E150D0B}.Release|Any CPU.Build.0 = Release|Any CPU
		{31B40B5D-D3DA-476F-9662-9A1978834372}.Debug|Any CPU.ActiveCfg = Debug|Any CPU
		{31B40B5D-D3DA-476F-9662-9A1978834372}.Debug|Any CPU.Build.0 = Debug|Any CPU
		{31B40B5D-D3DA-476F-9662-9A1978834372}.Release|Any CPU.ActiveCfg = Release|Any CPU
		{31B40B5D-D3DA-476F-9662-9A1978834372}.Release|Any CPU.Build.0 = Release|Any CPU
	EndGlobalSection
	GlobalSection(SolutionProperties) = preSolution
		HideSolutionNode = FALSE
	EndGlobalSection
EndGlobal
