
Microsoft Visual Studio Solution File, Format Version 12.00
# Visual Studio 2013
VisualStudioVersion = 12.0.30723.0
MinimumVisualStudioVersion = 10.0.40219.1
Project("{FAE04EC0-301F-11D3-BF4B-00C04F79EFBC}") = "problem1-Books", "problem1-Books\problem1-Books.csproj", "{D8B37439-4FC9-4B2F-A6B4-04F01A6D64D6}"
EndProject
Project("{FAE04EC0-301F-11D3-BF4B-00C04F79EFBC}") = "problem2_Lorem-Ipsum-Site", "problem2_Lorem-Ipsum-Site\problem2_Lorem-Ipsum-Site.csproj", "{78F80AEE-EF98-4E64-8ABE-46B5C6126FAF}"
EndProject
Project("{FAE04EC0-301F-11D3-BF4B-00C04F79EFBC}") = "problem3_login-search", "problem3_login-search\problem3_login-search.csproj", "{A5FD0E4E-5BD1-4B0E-AD20-289F27F9C9F1}"
EndProject
Global
	GlobalSection(SolutionConfigurationPlatforms) = preSolution
		Debug|Any CPU = Debug|Any CPU
		Release|Any CPU = Release|Any CPU
	EndGlobalSection
	GlobalSection(ProjectConfigurationPlatforms) = postSolution
		{D8B37439-4FC9-4B2F-A6B4-04F01A6D64D6}.Debug|Any CPU.ActiveCfg = Debug|Any CPU
		{D8B37439-4FC9-4B2F-A6B4-04F01A6D64D6}.Debug|Any CPU.Build.0 = Debug|Any CPU
		{D8B37439-4FC9-4B2F-A6B4-04F01A6D64D6}.Release|Any CPU.ActiveCfg = Release|Any CPU
		{D8B37439-4FC9-4B2F-A6B4-04F01A6D64D6}.Release|Any CPU.Build.0 = Release|Any CPU
		{78F80AEE-EF98-4E64-8ABE-46B5C6126FAF}.Debug|Any CPU.ActiveCfg = Debug|Any CPU
		{78F80AEE-EF98-4E64-8ABE-46B5C6126FAF}.Debug|Any CPU.Build.0 = Debug|Any CPU
		{78F80AEE-EF98-4E64-8ABE-46B5C6126FAF}.Release|Any CPU.ActiveCfg = Release|Any CPU
		{78F80AEE-EF98-4E64-8ABE-46B5C6126FAF}.Release|Any CPU.Build.0 = Release|Any CPU
		{A5FD0E4E-5BD1-4B0E-AD20-289F27F9C9F1}.Debug|Any CPU.ActiveCfg = Debug|Any CPU
		{A5FD0E4E-5BD1-4B0E-AD20-289F27F9C9F1}.Debug|Any CPU.Build.0 = Debug|Any CPU
		{A5FD0E4E-5BD1-4B0E-AD20-289F27F9C9F1}.Release|Any CPU.ActiveCfg = Release|Any CPU
		{A5FD0E4E-5BD1-4B0E-AD20-289F27F9C9F1}.Release|Any CPU.Build.0 = Release|Any CPU
	EndGlobalSection
	GlobalSection(SolutionProperties) = preSolution
		HideSolutionNode = FALSE
	EndGlobalSection
EndGlobal
