
Microsoft Visual Studio Solution File, Format Version 12.00
# Visual Studio 2013
VisualStudioVersion = 12.0.30723.0
MinimumVisualStudioVersion = 10.0.40219.1
Project("{FAE04EC0-301F-11D3-BF4B-00C04F79EFBC}") = "problem1-BBC_News", "problem1-BBC_News\problem1-BBC_News.csproj", "{6D170F44-ED56-4E9F-80FF-9EEF291BBA67}"
EndProject
Project("{FAE04EC0-301F-11D3-BF4B-00C04F79EFBC}") = "problem2_IT-Blog", "problem2_IT-Blog\problem2_IT-Blog.csproj", "{6A79BA49-8C54-41FB-962B-B115F9CBCC13}"
EndProject
Project("{FAE04EC0-301F-11D3-BF4B-00C04F79EFBC}") = "problem3_Contact-Form", "problem3_Contact-Form\problem3_Contact-Form.csproj", "{040FB0AE-5160-46FF-92E2-DC2D12B892CC}"
EndProject
Global
	GlobalSection(SolutionConfigurationPlatforms) = preSolution
		Debug|Any CPU = Debug|Any CPU
		Release|Any CPU = Release|Any CPU
	EndGlobalSection
	GlobalSection(ProjectConfigurationPlatforms) = postSolution
		{6D170F44-ED56-4E9F-80FF-9EEF291BBA67}.Debug|Any CPU.ActiveCfg = Debug|Any CPU
		{6D170F44-ED56-4E9F-80FF-9EEF291BBA67}.Debug|Any CPU.Build.0 = Debug|Any CPU
		{6D170F44-ED56-4E9F-80FF-9EEF291BBA67}.Release|Any CPU.ActiveCfg = Release|Any CPU
		{6D170F44-ED56-4E9F-80FF-9EEF291BBA67}.Release|Any CPU.Build.0 = Release|Any CPU
		{6A79BA49-8C54-41FB-962B-B115F9CBCC13}.Debug|Any CPU.ActiveCfg = Debug|Any CPU
		{6A79BA49-8C54-41FB-962B-B115F9CBCC13}.Debug|Any CPU.Build.0 = Debug|Any CPU
		{6A79BA49-8C54-41FB-962B-B115F9CBCC13}.Release|Any CPU.ActiveCfg = Release|Any CPU
		{6A79BA49-8C54-41FB-962B-B115F9CBCC13}.Release|Any CPU.Build.0 = Release|Any CPU
		{040FB0AE-5160-46FF-92E2-DC2D12B892CC}.Debug|Any CPU.ActiveCfg = Debug|Any CPU
		{040FB0AE-5160-46FF-92E2-DC2D12B892CC}.Debug|Any CPU.Build.0 = Debug|Any CPU
		{040FB0AE-5160-46FF-92E2-DC2D12B892CC}.Release|Any CPU.ActiveCfg = Release|Any CPU
		{040FB0AE-5160-46FF-92E2-DC2D12B892CC}.Release|Any CPU.Build.0 = Release|Any CPU
	EndGlobalSection
	GlobalSection(SolutionProperties) = preSolution
		HideSolutionNode = FALSE
	EndGlobalSection
EndGlobal
