
Microsoft Visual Studio Solution File, Format Version 12.00
# Visual Studio 2013
VisualStudioVersion = 12.0.21005.1
MinimumVisualStudioVersion = 10.0.40219.1
Project("{FAE04EC0-301F-11D3-BF4B-00C04F79EFBC}") = "01.BullsAndCows", "01.BullsAndCows\01.BullsAndCows.csproj", "{90F05850-9BDF-4ABE-B965-FD25BA069F1F}"
EndProject
Project("{FAE04EC0-301F-11D3-BF4B-00C04F79EFBC}") = "02.PokerSrtaight", "02.PokerSrtaight\02.PokerSrtaight.csproj", "{90556577-18E7-4C89-B1D4-87D045D2EFA7}"
EndProject
Project("{FAE04EC0-301F-11D3-BF4B-00C04F79EFBC}") = "03.MorseCodeNumber", "03.MorseCodeNumber\03.MorseCodeNumber.csproj", "{8549D7A4-C30A-42A9-8705-E79A02563A15}"
EndProject
Project("{FAE04EC0-301F-11D3-BF4B-00C04F79EFBC}") = "04.NakovMatching", "04.NakovMatching\04.NakovMatching.csproj", "{760D0D49-1E4C-448B-BC74-395BF4528ED8}"
EndProject
Project("{FAE04EC0-301F-11D3-BF4B-00C04F79EFBC}") = "05.Nine-Digit Magic Number", "05.Nine-Digit Magic Number\05.Nine-Digit Magic Number.csproj", "{20A14BED-6DFE-407F-B262-22EDBD74D8B4}"
EndProject
Project("{FAE04EC0-301F-11D3-BF4B-00C04F79EFBC}") = "06.HayvanNumbers", "06.HayvanNumbers\06.HayvanNumbers.csproj", "{28FED3B2-73D9-4822-AC76-8E8AFEA118C1}"
EndProject
Project("{FAE04EC0-301F-11D3-BF4B-00C04F79EFBC}") = "07.MagicString", "07.MagicString\07.MagicString.csproj", "{A1B90F2A-EB96-4C1E-BC66-8EAE37115C73}"
EndProject
Project("{FAE04EC0-301F-11D3-BF4B-00C04F79EFBC}") = "08", "08.\08.csproj", "{274A7699-1B26-4A06-B1D4-0DCF838EF6F6}"
EndProject
Global
	GlobalSection(SolutionConfigurationPlatforms) = preSolution
		Debug|Any CPU = Debug|Any CPU
		Release|Any CPU = Release|Any CPU
	EndGlobalSection
	GlobalSection(ProjectConfigurationPlatforms) = postSolution
		{90F05850-9BDF-4ABE-B965-FD25BA069F1F}.Debug|Any CPU.ActiveCfg = Debug|Any CPU
		{90F05850-9BDF-4ABE-B965-FD25BA069F1F}.Debug|Any CPU.Build.0 = Debug|Any CPU
		{90F05850-9BDF-4ABE-B965-FD25BA069F1F}.Release|Any CPU.ActiveCfg = Release|Any CPU
		{90F05850-9BDF-4ABE-B965-FD25BA069F1F}.Release|Any CPU.Build.0 = Release|Any CPU
		{90556577-18E7-4C89-B1D4-87D045D2EFA7}.Debug|Any CPU.ActiveCfg = Debug|Any CPU
		{90556577-18E7-4C89-B1D4-87D045D2EFA7}.Debug|Any CPU.Build.0 = Debug|Any CPU
		{90556577-18E7-4C89-B1D4-87D045D2EFA7}.Release|Any CPU.ActiveCfg = Release|Any CPU
		{90556577-18E7-4C89-B1D4-87D045D2EFA7}.Release|Any CPU.Build.0 = Release|Any CPU
		{8549D7A4-C30A-42A9-8705-E79A02563A15}.Debug|Any CPU.ActiveCfg = Debug|Any CPU
		{8549D7A4-C30A-42A9-8705-E79A02563A15}.Debug|Any CPU.Build.0 = Debug|Any CPU
		{8549D7A4-C30A-42A9-8705-E79A02563A15}.Release|Any CPU.ActiveCfg = Release|Any CPU
		{8549D7A4-C30A-42A9-8705-E79A02563A15}.Release|Any CPU.Build.0 = Release|Any CPU
		{760D0D49-1E4C-448B-BC74-395BF4528ED8}.Debug|Any CPU.ActiveCfg = Debug|Any CPU
		{760D0D49-1E4C-448B-BC74-395BF4528ED8}.Debug|Any CPU.Build.0 = Debug|Any CPU
		{760D0D49-1E4C-448B-BC74-395BF4528ED8}.Release|Any CPU.ActiveCfg = Release|Any CPU
		{760D0D49-1E4C-448B-BC74-395BF4528ED8}.Release|Any CPU.Build.0 = Release|Any CPU
		{20A14BED-6DFE-407F-B262-22EDBD74D8B4}.Debug|Any CPU.ActiveCfg = Debug|Any CPU
		{20A14BED-6DFE-407F-B262-22EDBD74D8B4}.Debug|Any CPU.Build.0 = Debug|Any CPU
		{20A14BED-6DFE-407F-B262-22EDBD74D8B4}.Release|Any CPU.ActiveCfg = Release|Any CPU
		{20A14BED-6DFE-407F-B262-22EDBD74D8B4}.Release|Any CPU.Build.0 = Release|Any CPU
		{28FED3B2-73D9-4822-AC76-8E8AFEA118C1}.Debug|Any CPU.ActiveCfg = Debug|Any CPU
		{28FED3B2-73D9-4822-AC76-8E8AFEA118C1}.Debug|Any CPU.Build.0 = Debug|Any CPU
		{28FED3B2-73D9-4822-AC76-8E8AFEA118C1}.Release|Any CPU.ActiveCfg = Release|Any CPU
		{28FED3B2-73D9-4822-AC76-8E8AFEA118C1}.Release|Any CPU.Build.0 = Release|Any CPU
		{A1B90F2A-EB96-4C1E-BC66-8EAE37115C73}.Debug|Any CPU.ActiveCfg = Debug|Any CPU
		{A1B90F2A-EB96-4C1E-BC66-8EAE37115C73}.Debug|Any CPU.Build.0 = Debug|Any CPU
		{A1B90F2A-EB96-4C1E-BC66-8EAE37115C73}.Release|Any CPU.ActiveCfg = Release|Any CPU
		{A1B90F2A-EB96-4C1E-BC66-8EAE37115C73}.Release|Any CPU.Build.0 = Release|Any CPU
		{274A7699-1B26-4A06-B1D4-0DCF838EF6F6}.Debug|Any CPU.ActiveCfg = Debug|Any CPU
		{274A7699-1B26-4A06-B1D4-0DCF838EF6F6}.Debug|Any CPU.Build.0 = Debug|Any CPU
		{274A7699-1B26-4A06-B1D4-0DCF838EF6F6}.Release|Any CPU.ActiveCfg = Release|Any CPU
		{274A7699-1B26-4A06-B1D4-0DCF838EF6F6}.Release|Any CPU.Build.0 = Release|Any CPU
	EndGlobalSection
	GlobalSection(SolutionProperties) = preSolution
		HideSolutionNode = FALSE
	EndGlobalSection
EndGlobal
