
Microsoft Visual Studio Solution File, Format Version 12.00
# Visual Studio 2013
VisualStudioVersion = 12.0.21005.1
MinimumVisualStudioVersion = 10.0.40219.1
Project("{FAE04EC0-301F-11D3-BF4B-00C04F79EFBC}") = "1.InsideTheBuilding", "1.InsideTheBuilding\1.InsideTheBuilding.csproj", "{990972DA-E8ED-4A81-83BB-0394E7901F27}"
EndProject
Project("{FAE04EC0-301F-11D3-BF4B-00C04F79EFBC}") = "2.StudentCables", "2.StudentCables\2.StudentCables.csproj", "{A5F34153-D6EA-45C0-ACAD-F6F9B7502CFB}"
EndProject
Project("{FAE04EC0-301F-11D3-BF4B-00C04F79EFBC}") = "3.ProgrammerDNA", "3.ProgrammerDNA\3.ProgrammerDNA.csproj", "{42E7DF86-1800-4C9D-BE31-D179E93F93D6}"
EndProject
Project("{FAE04EC0-301F-11D3-BF4B-00C04F79EFBC}") = "4.MagicCarNumbers", "4.MagicCarNumbers\4.MagicCarNumbers.csproj", "{C1C1A77D-768A-454E-B144-0EE48DDC99CE}"
EndProject
Project("{FAE04EC0-301F-11D3-BF4B-00C04F79EFBC}") = "5.BitsFlipper", "5.BitsFlipper\5.BitsFlipper.csproj", "{FF4D019C-FE60-4BF6-8D89-15DBDD8B1CDC}"
EndProject
Global
	GlobalSection(SolutionConfigurationPlatforms) = preSolution
		Debug|Any CPU = Debug|Any CPU
		Release|Any CPU = Release|Any CPU
	EndGlobalSection
	GlobalSection(ProjectConfigurationPlatforms) = postSolution
		{990972DA-E8ED-4A81-83BB-0394E7901F27}.Debug|Any CPU.ActiveCfg = Debug|Any CPU
		{990972DA-E8ED-4A81-83BB-0394E7901F27}.Debug|Any CPU.Build.0 = Debug|Any CPU
		{990972DA-E8ED-4A81-83BB-0394E7901F27}.Release|Any CPU.ActiveCfg = Release|Any CPU
		{990972DA-E8ED-4A81-83BB-0394E7901F27}.Release|Any CPU.Build.0 = Release|Any CPU
		{A5F34153-D6EA-45C0-ACAD-F6F9B7502CFB}.Debug|Any CPU.ActiveCfg = Debug|Any CPU
		{A5F34153-D6EA-45C0-ACAD-F6F9B7502CFB}.Debug|Any CPU.Build.0 = Debug|Any CPU
		{A5F34153-D6EA-45C0-ACAD-F6F9B7502CFB}.Release|Any CPU.ActiveCfg = Release|Any CPU
		{A5F34153-D6EA-45C0-ACAD-F6F9B7502CFB}.Release|Any CPU.Build.0 = Release|Any CPU
		{42E7DF86-1800-4C9D-BE31-D179E93F93D6}.Debug|Any CPU.ActiveCfg = Debug|Any CPU
		{42E7DF86-1800-4C9D-BE31-D179E93F93D6}.Debug|Any CPU.Build.0 = Debug|Any CPU
		{42E7DF86-1800-4C9D-BE31-D179E93F93D6}.Release|Any CPU.ActiveCfg = Release|Any CPU
		{42E7DF86-1800-4C9D-BE31-D179E93F93D6}.Release|Any CPU.Build.0 = Release|Any CPU
		{C1C1A77D-768A-454E-B144-0EE48DDC99CE}.Debug|Any CPU.ActiveCfg = Debug|Any CPU
		{C1C1A77D-768A-454E-B144-0EE48DDC99CE}.Debug|Any CPU.Build.0 = Debug|Any CPU
		{C1C1A77D-768A-454E-B144-0EE48DDC99CE}.Release|Any CPU.ActiveCfg = Release|Any CPU
		{C1C1A77D-768A-454E-B144-0EE48DDC99CE}.Release|Any CPU.Build.0 = Release|Any CPU
		{FF4D019C-FE60-4BF6-8D89-15DBDD8B1CDC}.Debug|Any CPU.ActiveCfg = Debug|Any CPU
		{FF4D019C-FE60-4BF6-8D89-15DBDD8B1CDC}.Debug|Any CPU.Build.0 = Debug|Any CPU
		{FF4D019C-FE60-4BF6-8D89-15DBDD8B1CDC}.Release|Any CPU.ActiveCfg = Release|Any CPU
		{FF4D019C-FE60-4BF6-8D89-15DBDD8B1CDC}.Release|Any CPU.Build.0 = Release|Any CPU
	EndGlobalSection
	GlobalSection(SolutionProperties) = preSolution
		HideSolutionNode = FALSE
	EndGlobalSection
EndGlobal
