
Microsoft Visual Studio Solution File, Format Version 12.00
# Visual Studio 2013
VisualStudioVersion = 12.0.21005.1
MinimumVisualStudioVersion = 10.0.40219.1
Project("{FAE04EC0-301F-11D3-BF4B-00C04F79EFBC}") = "1.Triangle", "1.Triangle\1.Triangle.csproj", "{1EA6828D-7FE8-4CF6-B48D-6F173520FE06}"
EndProject
Project("{FAE04EC0-301F-11D3-BF4B-00C04F79EFBC}") = "2.Pairs", "2.Pairs\2.Pairs.csproj", "{72EB8A7F-9A38-4C1A-8742-D5D6226FC2EB}"
EndProject
Project("{FAE04EC0-301F-11D3-BF4B-00C04F79EFBC}") = "3.House", "3.House\3.House.csproj", "{BC3612BD-70EA-4B9C-85DB-FA785BD2484F}"
EndProject
Project("{FAE04EC0-301F-11D3-BF4B-00C04F79EFBC}") = "4.MagicDates", "4.MagicDates\4.MagicDates.csproj", "{814A90CC-687F-4836-8B43-875D450A6C1A}"
EndProject
Project("{FAE04EC0-301F-11D3-BF4B-00C04F79EFBC}") = "5.BitKiller", "5.BitKiller\5.BitKiller.csproj", "{3CECF0B3-92C1-494A-9C5B-3DF7AD1BE72C}"
EndProject
Global
	GlobalSection(SolutionConfigurationPlatforms) = preSolution
		Debug|Any CPU = Debug|Any CPU
		Release|Any CPU = Release|Any CPU
	EndGlobalSection
	GlobalSection(ProjectConfigurationPlatforms) = postSolution
		{1EA6828D-7FE8-4CF6-B48D-6F173520FE06}.Debug|Any CPU.ActiveCfg = Debug|Any CPU
		{1EA6828D-7FE8-4CF6-B48D-6F173520FE06}.Debug|Any CPU.Build.0 = Debug|Any CPU
		{1EA6828D-7FE8-4CF6-B48D-6F173520FE06}.Release|Any CPU.ActiveCfg = Release|Any CPU
		{1EA6828D-7FE8-4CF6-B48D-6F173520FE06}.Release|Any CPU.Build.0 = Release|Any CPU
		{72EB8A7F-9A38-4C1A-8742-D5D6226FC2EB}.Debug|Any CPU.ActiveCfg = Debug|Any CPU
		{72EB8A7F-9A38-4C1A-8742-D5D6226FC2EB}.Debug|Any CPU.Build.0 = Debug|Any CPU
		{72EB8A7F-9A38-4C1A-8742-D5D6226FC2EB}.Release|Any CPU.ActiveCfg = Release|Any CPU
		{72EB8A7F-9A38-4C1A-8742-D5D6226FC2EB}.Release|Any CPU.Build.0 = Release|Any CPU
		{BC3612BD-70EA-4B9C-85DB-FA785BD2484F}.Debug|Any CPU.ActiveCfg = Debug|Any CPU
		{BC3612BD-70EA-4B9C-85DB-FA785BD2484F}.Debug|Any CPU.Build.0 = Debug|Any CPU
		{BC3612BD-70EA-4B9C-85DB-FA785BD2484F}.Release|Any CPU.ActiveCfg = Release|Any CPU
		{BC3612BD-70EA-4B9C-85DB-FA785BD2484F}.Release|Any CPU.Build.0 = Release|Any CPU
		{814A90CC-687F-4836-8B43-875D450A6C1A}.Debug|Any CPU.ActiveCfg = Debug|Any CPU
		{814A90CC-687F-4836-8B43-875D450A6C1A}.Debug|Any CPU.Build.0 = Debug|Any CPU
		{814A90CC-687F-4836-8B43-875D450A6C1A}.Release|Any CPU.ActiveCfg = Release|Any CPU
		{814A90CC-687F-4836-8B43-875D450A6C1A}.Release|Any CPU.Build.0 = Release|Any CPU
		{3CECF0B3-92C1-494A-9C5B-3DF7AD1BE72C}.Debug|Any CPU.ActiveCfg = Debug|Any CPU
		{3CECF0B3-92C1-494A-9C5B-3DF7AD1BE72C}.Debug|Any CPU.Build.0 = Debug|Any CPU
		{3CECF0B3-92C1-494A-9C5B-3DF7AD1BE72C}.Release|Any CPU.ActiveCfg = Release|Any CPU
		{3CECF0B3-92C1-494A-9C5B-3DF7AD1BE72C}.Release|Any CPU.Build.0 = Release|Any CPU
	EndGlobalSection
	GlobalSection(SolutionProperties) = preSolution
		HideSolutionNode = FALSE
	EndGlobalSection
EndGlobal
