
Microsoft Visual Studio Solution File, Format Version 12.00
# Visual Studio 2013
VisualStudioVersion = 12.0.31101.0
MinimumVisualStudioVersion = 10.0.40219.1
Project("{9092AA53-FB77-4645-B42D-1CCCA6BD08BD}") = "problem01", "problem01\problem01.njsproj", "{DC2C895A-DA95-4D4A-B121-2975AC59A4C3}"
EndProject
Project("{9092AA53-FB77-4645-B42D-1CCCA6BD08BD}") = "problem02", "problem02\problem02.njsproj", "{0CAA871E-6C0F-4826-B15E-8E4177765BDA}"
EndProject
Project("{9092AA53-FB77-4645-B42D-1CCCA6BD08BD}") = "problem03", "problem03\problem03.njsproj", "{A20E9A62-D297-41FB-AD61-EC51F698DFAB}"
EndProject
Project("{9092AA53-FB77-4645-B42D-1CCCA6BD08BD}") = "problem04", "problem04\problem04.njsproj", "{B6A1864B-8AEC-4597-BCEE-22101A88721F}"
EndProject
Global
	GlobalSection(SolutionConfigurationPlatforms) = preSolution
		Debug|Any CPU = Debug|Any CPU
		Release|Any CPU = Release|Any CPU
	EndGlobalSection
	GlobalSection(ProjectConfigurationPlatforms) = postSolution
		{DC2C895A-DA95-4D4A-B121-2975AC59A4C3}.Debug|Any CPU.ActiveCfg = Debug|Any CPU
		{DC2C895A-DA95-4D4A-B121-2975AC59A4C3}.Debug|Any CPU.Build.0 = Debug|Any CPU
		{DC2C895A-DA95-4D4A-B121-2975AC59A4C3}.Release|Any CPU.ActiveCfg = Release|Any CPU
		{DC2C895A-DA95-4D4A-B121-2975AC59A4C3}.Release|Any CPU.Build.0 = Release|Any CPU
		{0CAA871E-6C0F-4826-B15E-8E4177765BDA}.Debug|Any CPU.ActiveCfg = Debug|Any CPU
		{0CAA871E-6C0F-4826-B15E-8E4177765BDA}.Debug|Any CPU.Build.0 = Debug|Any CPU
		{0CAA871E-6C0F-4826-B15E-8E4177765BDA}.Release|Any CPU.ActiveCfg = Release|Any CPU
		{0CAA871E-6C0F-4826-B15E-8E4177765BDA}.Release|Any CPU.Build.0 = Release|Any CPU
		{A20E9A62-D297-41FB-AD61-EC51F698DFAB}.Debug|Any CPU.ActiveCfg = Debug|Any CPU
		{A20E9A62-D297-41FB-AD61-EC51F698DFAB}.Debug|Any CPU.Build.0 = Debug|Any CPU
		{A20E9A62-D297-41FB-AD61-EC51F698DFAB}.Release|Any CPU.ActiveCfg = Release|Any CPU
		{A20E9A62-D297-41FB-AD61-EC51F698DFAB}.Release|Any CPU.Build.0 = Release|Any CPU
		{B6A1864B-8AEC-4597-BCEE-22101A88721F}.Debug|Any CPU.ActiveCfg = Debug|Any CPU
		{B6A1864B-8AEC-4597-BCEE-22101A88721F}.Debug|Any CPU.Build.0 = Debug|Any CPU
		{B6A1864B-8AEC-4597-BCEE-22101A88721F}.Release|Any CPU.ActiveCfg = Release|Any CPU
		{B6A1864B-8AEC-4597-BCEE-22101A88721F}.Release|Any CPU.Build.0 = Release|Any CPU
	EndGlobalSection
	GlobalSection(SolutionProperties) = preSolution
		HideSolutionNode = FALSE
	EndGlobalSection
EndGlobal
