
Microsoft Visual Studio Solution File, Format Version 12.00
# Visual Studio 2013
VisualStudioVersion = 12.0.21005.1
MinimumVisualStudioVersion = 10.0.40219.1
Project("{FAE04EC0-301F-11D3-BF4B-00C04F79EFBC}") = "1.Volleyball", "1.Volleyball\1.Volleyball.csproj", "{3467C284-2DB9-49BD-B65B-047BC1F627ED}"
EndProject
Project("{FAE04EC0-301F-11D3-BF4B-00C04F79EFBC}") = "2.OddAndEvenSum", "2.OddAndEvenSum\2.OddAndEvenSum.csproj", "{2F427051-B64D-4765-9128-0D82DF2420A6}"
EndProject
Project("{FAE04EC0-301F-11D3-BF4B-00C04F79EFBC}") = "3.Eclipse", "3.Eclipse\3.Eclipse.csproj", "{B7DC2E0F-A556-4438-94D8-9DB8A9F88B60}"
EndProject
Project("{FAE04EC0-301F-11D3-BF4B-00C04F79EFBC}") = "4.HayvanNumbers", "4.HayvanNumbers\4.HayvanNumbers.csproj", "{55DB0270-5A10-4AB9-A294-81E191C91731}"
EndProject
Project("{FAE04EC0-301F-11D3-BF4B-00C04F79EFBC}") = "5.BitsUp", "5.BitsUp\5.BitsUp.csproj", "{D2F36FA7-AD99-4C83-B568-FD93A16E8D8A}"
EndProject
Global
	GlobalSection(SolutionConfigurationPlatforms) = preSolution
		Debug|Any CPU = Debug|Any CPU
		Release|Any CPU = Release|Any CPU
	EndGlobalSection
	GlobalSection(ProjectConfigurationPlatforms) = postSolution
		{3467C284-2DB9-49BD-B65B-047BC1F627ED}.Debug|Any CPU.ActiveCfg = Debug|Any CPU
		{3467C284-2DB9-49BD-B65B-047BC1F627ED}.Debug|Any CPU.Build.0 = Debug|Any CPU
		{3467C284-2DB9-49BD-B65B-047BC1F627ED}.Release|Any CPU.ActiveCfg = Release|Any CPU
		{3467C284-2DB9-49BD-B65B-047BC1F627ED}.Release|Any CPU.Build.0 = Release|Any CPU
		{2F427051-B64D-4765-9128-0D82DF2420A6}.Debug|Any CPU.ActiveCfg = Debug|Any CPU
		{2F427051-B64D-4765-9128-0D82DF2420A6}.Debug|Any CPU.Build.0 = Debug|Any CPU
		{2F427051-B64D-4765-9128-0D82DF2420A6}.Release|Any CPU.ActiveCfg = Release|Any CPU
		{2F427051-B64D-4765-9128-0D82DF2420A6}.Release|Any CPU.Build.0 = Release|Any CPU
		{B7DC2E0F-A556-4438-94D8-9DB8A9F88B60}.Debug|Any CPU.ActiveCfg = Debug|Any CPU
		{B7DC2E0F-A556-4438-94D8-9DB8A9F88B60}.Debug|Any CPU.Build.0 = Debug|Any CPU
		{B7DC2E0F-A556-4438-94D8-9DB8A9F88B60}.Release|Any CPU.ActiveCfg = Release|Any CPU
		{B7DC2E0F-A556-4438-94D8-9DB8A9F88B60}.Release|Any CPU.Build.0 = Release|Any CPU
		{55DB0270-5A10-4AB9-A294-81E191C91731}.Debug|Any CPU.ActiveCfg = Debug|Any CPU
		{55DB0270-5A10-4AB9-A294-81E191C91731}.Debug|Any CPU.Build.0 = Debug|Any CPU
		{55DB0270-5A10-4AB9-A294-81E191C91731}.Release|Any CPU.ActiveCfg = Release|Any CPU
		{55DB0270-5A10-4AB9-A294-81E191C91731}.Release|Any CPU.Build.0 = Release|Any CPU
		{D2F36FA7-AD99-4C83-B568-FD93A16E8D8A}.Debug|Any CPU.ActiveCfg = Debug|Any CPU
		{D2F36FA7-AD99-4C83-B568-FD93A16E8D8A}.Debug|Any CPU.Build.0 = Debug|Any CPU
		{D2F36FA7-AD99-4C83-B568-FD93A16E8D8A}.Release|Any CPU.ActiveCfg = Release|Any CPU
		{D2F36FA7-AD99-4C83-B568-FD93A16E8D8A}.Release|Any CPU.Build.0 = Release|Any CPU
	EndGlobalSection
	GlobalSection(SolutionProperties) = preSolution
		HideSolutionNode = FALSE
	EndGlobalSection
EndGlobal
