
Microsoft Visual Studio Solution File, Format Version 12.00
# Visual Studio 2013
VisualStudioVersion = 12.0.21005.1
MinimumVisualStudioVersion = 10.0.40219.1
Project("{FAE04EC0-301F-11D3-BF4B-00C04F79EFBC}") = "1.0ExchangingWithIf", "ConditionalConstructions\1.0ExchangingWithIf.csproj", "{129DB078-D19A-4A27-9217-4B5923207264}"
EndProject
Project("{FAE04EC0-301F-11D3-BF4B-00C04F79EFBC}") = "1.1ShowingSign", "1.1ShowingSign\1.1ShowingSign.csproj", "{83A33088-2C9B-41F1-BA98-4391F8091B1B}"
EndProject
Project("{FAE04EC0-301F-11D3-BF4B-00C04F79EFBC}") = "1.2OutputBiggerNumberFrom3", "1.2OutputBiggerNumberFrom3\1.2OutputBiggerNumberFrom3.csproj", "{8D0AA59B-18CA-4F40-8580-0546A8332A95}"
EndProject
Project("{FAE04EC0-301F-11D3-BF4B-00C04F79EFBC}") = "1.3DescendingSorting3Doubles", "1.3DescendingSorting3Doubles\1.3DescendingSorting3Doubles.csproj", "{F53115A0-D599-4A95-9D22-93B85F7E7BD6}"
EndProject
Project("{FAE04EC0-301F-11D3-BF4B-00C04F79EFBC}") = "1.4DigitSwitchStatement", "1.4DigitSwitchStatement\1.4DigitSwitchStatement.csproj", "{09718EC5-F62E-49DA-895D-F58E18D29F12}"
EndProject
Project("{FAE04EC0-301F-11D3-BF4B-00C04F79EFBC}") = "1.5a QuadraticEquation", "1.5a QuadraticEquation\1.5a QuadraticEquation.csproj", "{5153F042-3633-4BC1-A827-61B015C65323}"
EndProject
Project("{FAE04EC0-301F-11D3-BF4B-00C04F79EFBC}") = "1.6GreatestNumberFrom5", "1.6.1OtherSolution\1.6GreatestNumberFrom5.csproj", "{0FA5D522-F06B-4234-8075-B3A94707845A}"
EndProject
Project("{FAE04EC0-301F-11D3-BF4B-00C04F79EFBC}") = "1.7StringIntDoubleWithSwitch", "1.7StringIntDoubleWithSwitch\1.7StringIntDoubleWithSwitch.csproj", "{3CFD00AF-DDF1-4347-BE08-9D2E45579200}"
EndProject
Project("{FAE04EC0-301F-11D3-BF4B-00C04F79EFBC}") = "1.8CheckingIsThereSumOf0", "1.8CheckingIsThereSumOf0\1.8CheckingIsThereSumOf0.csproj", "{1E1CDDC6-BE24-43C4-A00D-71378139A7D9}"
EndProject
Project("{FAE04EC0-301F-11D3-BF4B-00C04F79EFBC}") = "1.9ApplyingBonusScoreToNumberOfInputs", "1.9ApplyingBonusScoreToNumberOfInputs\1.9ApplyingBonusScoreToNumberOfInputs.csproj", "{7F390EEF-039B-418C-B95D-D9C22F9A000F}"
EndProject
Project("{FAE04EC0-301F-11D3-BF4B-00C04F79EFBC}") = "2.1From 0 to 999", "2.1\2.1From 0 to 999.csproj", "{8FB80F6C-429D-4D9D-97A4-7F028B87823D}"
EndProject
Project("{FAE04EC0-301F-11D3-BF4B-00C04F79EFBC}") = "2.2From 0 to 999", "2.2From 0 to 999\2.2From 0 to 999.csproj", "{424DF713-CF00-4BDB-92A3-CCF98B3810E4}"
EndProject
Project("{FAE04EC0-301F-11D3-BF4B-00C04F79EFBC}") = "2.3From 0 to 999", "2.3From 0 to 999\2.3From 0 to 999.csproj", "{87FAABA3-5E31-457E-987A-B64871F5F470}"
EndProject
Project("{FAE04EC0-301F-11D3-BF4B-00C04F79EFBC}") = "2.4From 0 to 999", "2.4From 0 to 999\2.4From 0 to 999.csproj", "{8726F716-840F-46DB-A3DA-6531500EEE22}"
EndProject
Global
	GlobalSection(SolutionConfigurationPlatforms) = preSolution
		Debug|Any CPU = Debug|Any CPU
		Release|Any CPU = Release|Any CPU
	EndGlobalSection
	GlobalSection(ProjectConfigurationPlatforms) = postSolution
		{129DB078-D19A-4A27-9217-4B5923207264}.Debug|Any CPU.ActiveCfg = Debug|Any CPU
		{129DB078-D19A-4A27-9217-4B5923207264}.Debug|Any CPU.Build.0 = Debug|Any CPU
		{129DB078-D19A-4A27-9217-4B5923207264}.Release|Any CPU.ActiveCfg = Release|Any CPU
		{129DB078-D19A-4A27-9217-4B5923207264}.Release|Any CPU.Build.0 = Release|Any CPU
		{83A33088-2C9B-41F1-BA98-4391F8091B1B}.Debug|Any CPU.ActiveCfg = Debug|Any CPU
		{83A33088-2C9B-41F1-BA98-4391F8091B1B}.Debug|Any CPU.Build.0 = Debug|Any CPU
		{83A33088-2C9B-41F1-BA98-4391F8091B1B}.Release|Any CPU.ActiveCfg = Release|Any CPU
		{83A33088-2C9B-41F1-BA98-4391F8091B1B}.Release|Any CPU.Build.0 = Release|Any CPU
		{8D0AA59B-18CA-4F40-8580-0546A8332A95}.Debug|Any CPU.ActiveCfg = Debug|Any CPU
		{8D0AA59B-18CA-4F40-8580-0546A8332A95}.Debug|Any CPU.Build.0 = Debug|Any CPU
		{8D0AA59B-18CA-4F40-8580-0546A8332A95}.Release|Any CPU.ActiveCfg = Release|Any CPU
		{8D0AA59B-18CA-4F40-8580-0546A8332A95}.Release|Any CPU.Build.0 = Release|Any CPU
		{F53115A0-D599-4A95-9D22-93B85F7E7BD6}.Debug|Any CPU.ActiveCfg = Debug|Any CPU
		{F53115A0-D599-4A95-9D22-93B85F7E7BD6}.Debug|Any CPU.Build.0 = Debug|Any CPU
		{F53115A0-D599-4A95-9D22-93B85F7E7BD6}.Release|Any CPU.ActiveCfg = Release|Any CPU
		{F53115A0-D599-4A95-9D22-93B85F7E7BD6}.Release|Any CPU.Build.0 = Release|Any CPU
		{09718EC5-F62E-49DA-895D-F58E18D29F12}.Debug|Any CPU.ActiveCfg = Debug|Any CPU
		{09718EC5-F62E-49DA-895D-F58E18D29F12}.Debug|Any CPU.Build.0 = Debug|Any CPU
		{09718EC5-F62E-49DA-895D-F58E18D29F12}.Release|Any CPU.ActiveCfg = Release|Any CPU
		{09718EC5-F62E-49DA-895D-F58E18D29F12}.Release|Any CPU.Build.0 = Release|Any CPU
		{5153F042-3633-4BC1-A827-61B015C65323}.Debug|Any CPU.ActiveCfg = Debug|Any CPU
		{5153F042-3633-4BC1-A827-61B015C65323}.Debug|Any CPU.Build.0 = Debug|Any CPU
		{5153F042-3633-4BC1-A827-61B015C65323}.Release|Any CPU.ActiveCfg = Release|Any CPU
		{5153F042-3633-4BC1-A827-61B015C65323}.Release|Any CPU.Build.0 = Release|Any CPU
		{0FA5D522-F06B-4234-8075-B3A94707845A}.Debug|Any CPU.ActiveCfg = Debug|Any CPU
		{0FA5D522-F06B-4234-8075-B3A94707845A}.Debug|Any CPU.Build.0 = Debug|Any CPU
		{0FA5D522-F06B-4234-8075-B3A94707845A}.Release|Any CPU.ActiveCfg = Release|Any CPU
		{0FA5D522-F06B-4234-8075-B3A94707845A}.Release|Any CPU.Build.0 = Release|Any CPU
		{3CFD00AF-DDF1-4347-BE08-9D2E45579200}.Debug|Any CPU.ActiveCfg = Debug|Any CPU
		{3CFD00AF-DDF1-4347-BE08-9D2E45579200}.Debug|Any CPU.Build.0 = Debug|Any CPU
		{3CFD00AF-DDF1-4347-BE08-9D2E45579200}.Release|Any CPU.ActiveCfg = Release|Any CPU
		{3CFD00AF-DDF1-4347-BE08-9D2E45579200}.Release|Any CPU.Build.0 = Release|Any CPU
		{1E1CDDC6-BE24-43C4-A00D-71378139A7D9}.Debug|Any CPU.ActiveCfg = Debug|Any CPU
		{1E1CDDC6-BE24-43C4-A00D-71378139A7D9}.Debug|Any CPU.Build.0 = Debug|Any CPU
		{1E1CDDC6-BE24-43C4-A00D-71378139A7D9}.Release|Any CPU.ActiveCfg = Release|Any CPU
		{1E1CDDC6-BE24-43C4-A00D-71378139A7D9}.Release|Any CPU.Build.0 = Release|Any CPU
		{7F390EEF-039B-418C-B95D-D9C22F9A000F}.Debug|Any CPU.ActiveCfg = Debug|Any CPU
		{7F390EEF-039B-418C-B95D-D9C22F9A000F}.Debug|Any CPU.Build.0 = Debug|Any CPU
		{7F390EEF-039B-418C-B95D-D9C22F9A000F}.Release|Any CPU.ActiveCfg = Release|Any CPU
		{7F390EEF-039B-418C-B95D-D9C22F9A000F}.Release|Any CPU.Build.0 = Release|Any CPU
		{8FB80F6C-429D-4D9D-97A4-7F028B87823D}.Debug|Any CPU.ActiveCfg = Debug|Any CPU
		{8FB80F6C-429D-4D9D-97A4-7F028B87823D}.Debug|Any CPU.Build.0 = Debug|Any CPU
		{8FB80F6C-429D-4D9D-97A4-7F028B87823D}.Release|Any CPU.ActiveCfg = Release|Any CPU
		{8FB80F6C-429D-4D9D-97A4-7F028B87823D}.Release|Any CPU.Build.0 = Release|Any CPU
		{424DF713-CF00-4BDB-92A3-CCF98B3810E4}.Debug|Any CPU.ActiveCfg = Debug|Any CPU
		{424DF713-CF00-4BDB-92A3-CCF98B3810E4}.Debug|Any CPU.Build.0 = Debug|Any CPU
		{424DF713-CF00-4BDB-92A3-CCF98B3810E4}.Release|Any CPU.ActiveCfg = Release|Any CPU
		{424DF713-CF00-4BDB-92A3-CCF98B3810E4}.Release|Any CPU.Build.0 = Release|Any CPU
		{87FAABA3-5E31-457E-987A-B64871F5F470}.Debug|Any CPU.ActiveCfg = Debug|Any CPU
		{87FAABA3-5E31-457E-987A-B64871F5F470}.Debug|Any CPU.Build.0 = Debug|Any CPU
		{87FAABA3-5E31-457E-987A-B64871F5F470}.Release|Any CPU.ActiveCfg = Release|Any CPU
		{87FAABA3-5E31-457E-987A-B64871F5F470}.Release|Any CPU.Build.0 = Release|Any CPU
		{8726F716-840F-46DB-A3DA-6531500EEE22}.Debug|Any CPU.ActiveCfg = Debug|Any CPU
		{8726F716-840F-46DB-A3DA-6531500EEE22}.Debug|Any CPU.Build.0 = Debug|Any CPU
		{8726F716-840F-46DB-A3DA-6531500EEE22}.Release|Any CPU.ActiveCfg = Release|Any CPU
		{8726F716-840F-46DB-A3DA-6531500EEE22}.Release|Any CPU.Build.0 = Release|Any CPU
	EndGlobalSection
	GlobalSection(SolutionProperties) = preSolution
		HideSolutionNode = FALSE
	EndGlobalSection
EndGlobal
