
Microsoft Visual Studio Solution File, Format Version 12.00
# Visual Studio 2013
VisualStudioVersion = 12.0.31101.0
MinimumVisualStudioVersion = 10.0.40219.1
Project("{9092AA53-FB77-4645-B42D-1CCCA6BD08BD}") = "p01_Home-Town", "p01_Home-Town\p01_Home-Town.njsproj", "{B75D8F04-E383-4C0C-8821-8DCDDD597DAA}"
EndProject
Project("{9092AA53-FB77-4645-B42D-1CCCA6BD08BD}") = "p02_Numbers1..10", "p02_Numbers1..10\p02_Numbers1..10.njsproj", "{1111E251-A83B-43A1-B660-7A216B60C133}"
EndProject
Project("{9092AA53-FB77-4645-B42D-1CCCA6BD08BD}") = "p03_Current-time", "p03_Current-time\p03_Current-time.njsproj", "{822C6527-B6FD-4368-9355-9578C4C0520C}"
EndProject
Project("{9092AA53-FB77-4645-B42D-1CCCA6BD08BD}") = "p04_Circle-area", "p04_Circle-area\p04_Circle-area.njsproj", "{8933B5CF-FA5F-42D1-B3A3-17E4B1DA476D}"
EndProject
Project("{9092AA53-FB77-4645-B42D-1CCCA6BD08BD}") = "p05_DectoHex", "p05_DectoHex\p05_DectoHex.njsproj", "{DA06C8EB-63C4-451B-BC33-AE357F8E12A3}"
EndProject
Project("{9092AA53-FB77-4645-B42D-1CCCA6BD08BD}") = "p06_Tic-Tac-Toe", "p06_Tic-Tac-Toe\p06_Tic-Tac-Toe.njsproj", "{9F65FA80-4104-4E63-943E-4D33F6950A4C}"
EndProject
Project("{9092AA53-FB77-4645-B42D-1CCCA6BD08BD}") = "p07_Powerful-Cars", "p07_Powerful-Cars\p07_Powerful-Cars.njsproj", "{D57B83C3-B1AA-4474-B6FE-BCB48570D663}"
EndProject
Project("{9092AA53-FB77-4645-B42D-1CCCA6BD08BD}") = "p08_Simple-Calculations", "p08_Simple-Calculations\p08_Simple-Calculations.njsproj", "{C59EF2EE-9BAF-4F98-B656-A73B450193E3}"
EndProject
Project("{9092AA53-FB77-4645-B42D-1CCCA6BD08BD}") = "p09_Check-If-Number-Is-EVEN", "09_Check-If-Number-Is-EVEN\p09_Check-If-Number-Is-EVEN.njsproj", "{953C2F08-2FFB-4424-8846-2BAB33AA82BF}"
EndProject
Project("{9092AA53-FB77-4645-B42D-1CCCA6BD08BD}") = "p10_Check-If-Number-Prime", "p10_Check-If-Number-Prime\p10_Check-If-Number-Prime.njsproj", "{C9421036-7A00-44DB-AB64-03BD8160BD5B}"
EndProject
Project("{9092AA53-FB77-4645-B42D-1CCCA6BD08BD}") = "p11_Division-by-3", "p11_Division-by-3\p11_Division-by-3.njsproj", "{6E60CA59-95F9-4CBF-88BB-8453EA18EEFC}"
EndProject
Project("{9092AA53-FB77-4645-B42D-1CCCA6BD08BD}") = "p12_Bit-Checker", "p12_Bit-Checker\p12_Bit-Checker.njsproj", "{165FEC36-6BF5-48A3-80C1-C9BC35B8AB17}"
EndProject
Project("{9092AA53-FB77-4645-B42D-1CCCA6BD08BD}") = "p13_The-LifeTime-Supply-Calc", "p13_The-LifeTime-Supply-Calc\p13_The-LifeTime-Supply-Calc.njsproj", "{F1161148-650A-45FC-856C-BC67ACFC395A}"
EndProject
Project("{9092AA53-FB77-4645-B42D-1CCCA6BD08BD}") = "p14_Cylider-Volume", "p14_Cylider-Volume\p14_Cylider-Volume.njsproj", "{6180D51A-29DF-470B-A6E2-22FC6BA8586F}"
EndProject
Project("{9092AA53-FB77-4645-B42D-1CCCA6BD08BD}") = "p15_TreeOrHouse", "p15_TreeOrHouse\p15_TreeOrHouse.njsproj", "{02DD229C-4DD0-42BE-84ED-290EFC87AA4B}"
EndProject
Project("{9092AA53-FB77-4645-B42D-1CCCA6BD08BD}") = "p16_Digit-Checker", "p16_Digit-Checker\p16_Digit-Checker.njsproj", "{6A2B1DF5-E5BD-4B23-B1D7-0B47D65F9AD6}"
EndProject
Project("{9092AA53-FB77-4645-B42D-1CCCA6BD08BD}") = "p17_Digit-Word", "p17_Digit-Word\p17_Digit-Word.njsproj", "{58F56C85-A5BC-4108-9843-518BFF43C588}"
EndProject
Project("{9092AA53-FB77-4645-B42D-1CCCA6BD08BD}") = "p18_Variables", "p18_Variables\p18_Variables.njsproj", "{17CE1A70-26DA-45FF-A45C-D516727D2F18}"
EndProject
Project("{9092AA53-FB77-4645-B42D-1CCCA6BD08BD}") = "p19_Digital-Soothsayer", "p19_Digital-Soothsayer\p19_Digital-Soothsayer.njsproj", "{EAE3F827-C9F9-4334-A59F-9333CEE1A868}"
EndProject
Project("{9092AA53-FB77-4645-B42D-1CCCA6BD08BD}") = "p20_Calculate-Expression", "p20_Calculate-Expression\p20_Calculate-Expression.njsproj", "{A024AEC8-2718-420E-A864-2E22FF74ABB0}"
EndProject
Project("{9092AA53-FB77-4645-B42D-1CCCA6BD08BD}") = "p21_Build-a-Table", "p21_Build-a-Table\p21_Build-a-Table.njsproj", "{406725AB-3F52-4F68-9BE2-DB5A54CB0D2B}"
EndProject
Project("{9092AA53-FB77-4645-B42D-1CCCA6BD08BD}") = "p22_Reveal-Triangles", "p22_Reveal-Triangles\p22_Reveal-Triangles.njsproj", "{BDC66366-CB37-4C71-A887-5FEC1ED55025}"
EndProject
Project("{9092AA53-FB77-4645-B42D-1CCCA6BD08BD}") = "p23_Extract-Hyperlinks", "p23_Extract-Hyperlinks\p23_Extract-Hyperlinks.njsproj", "{1CF2BEE2-2323-4129-80A3-5001F42E85B2}"
EndProject
Project("{9092AA53-FB77-4645-B42D-1CCCA6BD08BD}") = "p24_Concerts", "p24Concerts\p24_Concerts.njsproj", "{16D02184-89A5-4ABF-BE17-CDE7373C3F59}"
EndProject
Project("{9092AA53-FB77-4645-B42D-1CCCA6BD08BD}") = "p25_Number-Checker", "p25_Number-Checker\p25_Number-Checker.njsproj", "{605C5F88-81A5-41FE-8BDB-C8BC8340E09C}"
EndProject
Project("{9092AA53-FB77-4645-B42D-1CCCA6BD08BD}") = "p26_Find-MinMax", "p26_Find-MinMax\p26_Find-MinMax.njsproj", "{6453AAE6-17A6-4A7F-AFEA-E830AD636F91}"
EndProject
Project("{9092AA53-FB77-4645-B42D-1CCCA6BD08BD}") = "p27_Properties", "p27_Properties\p27_Properties.njsproj", "{79BA8F3A-517E-4A0B-BF7D-1E680737C362}"
EndProject
Project("{9092AA53-FB77-4645-B42D-1CCCA6BD08BD}") = "p28_Create-Array", "p28_Create-Array\p28_Create-Array.njsproj", "{12D50716-2817-41E3-B28B-59D3AF4C8416}"
EndProject
Project("{9092AA53-FB77-4645-B42D-1CCCA6BD08BD}") = "p29_Compare-Chars", "p29_Compare-Chars\p29_Compare-Chars.njsproj", "{5935664C-9C43-40D1-87BE-304E2409C0E8}"
EndProject
Project("{9092AA53-FB77-4645-B42D-1CCCA6BD08BD}") = "p30_Maximal-Sequence", "p30_Maximal-Sequence\p30_Maximal-Sequence.njsproj", "{6B83933F-C0A1-4800-A317-C36B3D4AC65A}"
EndProject
Project("{9092AA53-FB77-4645-B42D-1CCCA6BD08BD}") = "p31_Maximal-Increasing-Sequence", "p31_Maximal-Increasing-Sequence\p31_Maximal-Increasing-Sequence.njsproj", "{792329E3-9AE1-4F31-9601-756308C784AA}"
EndProject
Global
	GlobalSection(SolutionConfigurationPlatforms) = preSolution
		Debug|Any CPU = Debug|Any CPU
		Release|Any CPU = Release|Any CPU
	EndGlobalSection
	GlobalSection(ProjectConfigurationPlatforms) = postSolution
		{B75D8F04-E383-4C0C-8821-8DCDDD597DAA}.Debug|Any CPU.ActiveCfg = Debug|Any CPU
		{B75D8F04-E383-4C0C-8821-8DCDDD597DAA}.Debug|Any CPU.Build.0 = Debug|Any CPU
		{B75D8F04-E383-4C0C-8821-8DCDDD597DAA}.Release|Any CPU.ActiveCfg = Release|Any CPU
		{B75D8F04-E383-4C0C-8821-8DCDDD597DAA}.Release|Any CPU.Build.0 = Release|Any CPU
		{1111E251-A83B-43A1-B660-7A216B60C133}.Debug|Any CPU.ActiveCfg = Debug|Any CPU
		{1111E251-A83B-43A1-B660-7A216B60C133}.Debug|Any CPU.Build.0 = Debug|Any CPU
		{1111E251-A83B-43A1-B660-7A216B60C133}.Release|Any CPU.ActiveCfg = Release|Any CPU
		{1111E251-A83B-43A1-B660-7A216B60C133}.Release|Any CPU.Build.0 = Release|Any CPU
		{822C6527-B6FD-4368-9355-9578C4C0520C}.Debug|Any CPU.ActiveCfg = Debug|Any CPU
		{822C6527-B6FD-4368-9355-9578C4C0520C}.Debug|Any CPU.Build.0 = Debug|Any CPU
		{822C6527-B6FD-4368-9355-9578C4C0520C}.Release|Any CPU.ActiveCfg = Release|Any CPU
		{822C6527-B6FD-4368-9355-9578C4C0520C}.Release|Any CPU.Build.0 = Release|Any CPU
		{8933B5CF-FA5F-42D1-B3A3-17E4B1DA476D}.Debug|Any CPU.ActiveCfg = Debug|Any CPU
		{8933B5CF-FA5F-42D1-B3A3-17E4B1DA476D}.Debug|Any CPU.Build.0 = Debug|Any CPU
		{8933B5CF-FA5F-42D1-B3A3-17E4B1DA476D}.Release|Any CPU.ActiveCfg = Release|Any CPU
		{8933B5CF-FA5F-42D1-B3A3-17E4B1DA476D}.Release|Any CPU.Build.0 = Release|Any CPU
		{DA06C8EB-63C4-451B-BC33-AE357F8E12A3}.Debug|Any CPU.ActiveCfg = Debug|Any CPU
		{DA06C8EB-63C4-451B-BC33-AE357F8E12A3}.Debug|Any CPU.Build.0 = Debug|Any CPU
		{DA06C8EB-63C4-451B-BC33-AE357F8E12A3}.Release|Any CPU.ActiveCfg = Release|Any CPU
		{DA06C8EB-63C4-451B-BC33-AE357F8E12A3}.Release|Any CPU.Build.0 = Release|Any CPU
		{9F65FA80-4104-4E63-943E-4D33F6950A4C}.Debug|Any CPU.ActiveCfg = Debug|Any CPU
		{9F65FA80-4104-4E63-943E-4D33F6950A4C}.Debug|Any CPU.Build.0 = Debug|Any CPU
		{9F65FA80-4104-4E63-943E-4D33F6950A4C}.Release|Any CPU.ActiveCfg = Release|Any CPU
		{9F65FA80-4104-4E63-943E-4D33F6950A4C}.Release|Any CPU.Build.0 = Release|Any CPU
		{D57B83C3-B1AA-4474-B6FE-BCB48570D663}.Debug|Any CPU.ActiveCfg = Debug|Any CPU
		{D57B83C3-B1AA-4474-B6FE-BCB48570D663}.Debug|Any CPU.Build.0 = Debug|Any CPU
		{D57B83C3-B1AA-4474-B6FE-BCB48570D663}.Release|Any CPU.ActiveCfg = Release|Any CPU
		{D57B83C3-B1AA-4474-B6FE-BCB48570D663}.Release|Any CPU.Build.0 = Release|Any CPU
		{C59EF2EE-9BAF-4F98-B656-A73B450193E3}.Debug|Any CPU.ActiveCfg = Debug|Any CPU
		{C59EF2EE-9BAF-4F98-B656-A73B450193E3}.Debug|Any CPU.Build.0 = Debug|Any CPU
		{C59EF2EE-9BAF-4F98-B656-A73B450193E3}.Release|Any CPU.ActiveCfg = Release|Any CPU
		{C59EF2EE-9BAF-4F98-B656-A73B450193E3}.Release|Any CPU.Build.0 = Release|Any CPU
		{953C2F08-2FFB-4424-8846-2BAB33AA82BF}.Debug|Any CPU.ActiveCfg = Debug|Any CPU
		{953C2F08-2FFB-4424-8846-2BAB33AA82BF}.Debug|Any CPU.Build.0 = Debug|Any CPU
		{953C2F08-2FFB-4424-8846-2BAB33AA82BF}.Release|Any CPU.ActiveCfg = Release|Any CPU
		{953C2F08-2FFB-4424-8846-2BAB33AA82BF}.Release|Any CPU.Build.0 = Release|Any CPU
		{C9421036-7A00-44DB-AB64-03BD8160BD5B}.Debug|Any CPU.ActiveCfg = Debug|Any CPU
		{C9421036-7A00-44DB-AB64-03BD8160BD5B}.Debug|Any CPU.Build.0 = Debug|Any CPU
		{C9421036-7A00-44DB-AB64-03BD8160BD5B}.Release|Any CPU.ActiveCfg = Release|Any CPU
		{C9421036-7A00-44DB-AB64-03BD8160BD5B}.Release|Any CPU.Build.0 = Release|Any CPU
		{6E60CA59-95F9-4CBF-88BB-8453EA18EEFC}.Debug|Any CPU.ActiveCfg = Debug|Any CPU
		{6E60CA59-95F9-4CBF-88BB-8453EA18EEFC}.Debug|Any CPU.Build.0 = Debug|Any CPU
		{6E60CA59-95F9-4CBF-88BB-8453EA18EEFC}.Release|Any CPU.ActiveCfg = Release|Any CPU
		{6E60CA59-95F9-4CBF-88BB-8453EA18EEFC}.Release|Any CPU.Build.0 = Release|Any CPU
		{165FEC36-6BF5-48A3-80C1-C9BC35B8AB17}.Debug|Any CPU.ActiveCfg = Debug|Any CPU
		{165FEC36-6BF5-48A3-80C1-C9BC35B8AB17}.Debug|Any CPU.Build.0 = Debug|Any CPU
		{165FEC36-6BF5-48A3-80C1-C9BC35B8AB17}.Release|Any CPU.ActiveCfg = Release|Any CPU
		{165FEC36-6BF5-48A3-80C1-C9BC35B8AB17}.Release|Any CPU.Build.0 = Release|Any CPU
		{F1161148-650A-45FC-856C-BC67ACFC395A}.Debug|Any CPU.ActiveCfg = Debug|Any CPU
		{F1161148-650A-45FC-856C-BC67ACFC395A}.Debug|Any CPU.Build.0 = Debug|Any CPU
		{F1161148-650A-45FC-856C-BC67ACFC395A}.Release|Any CPU.ActiveCfg = Release|Any CPU
		{F1161148-650A-45FC-856C-BC67ACFC395A}.Release|Any CPU.Build.0 = Release|Any CPU
		{6180D51A-29DF-470B-A6E2-22FC6BA8586F}.Debug|Any CPU.ActiveCfg = Debug|Any CPU
		{6180D51A-29DF-470B-A6E2-22FC6BA8586F}.Debug|Any CPU.Build.0 = Debug|Any CPU
		{6180D51A-29DF-470B-A6E2-22FC6BA8586F}.Release|Any CPU.ActiveCfg = Release|Any CPU
		{6180D51A-29DF-470B-A6E2-22FC6BA8586F}.Release|Any CPU.Build.0 = Release|Any CPU
		{02DD229C-4DD0-42BE-84ED-290EFC87AA4B}.Debug|Any CPU.ActiveCfg = Debug|Any CPU
		{02DD229C-4DD0-42BE-84ED-290EFC87AA4B}.Debug|Any CPU.Build.0 = Debug|Any CPU
		{02DD229C-4DD0-42BE-84ED-290EFC87AA4B}.Release|Any CPU.ActiveCfg = Release|Any CPU
		{02DD229C-4DD0-42BE-84ED-290EFC87AA4B}.Release|Any CPU.Build.0 = Release|Any CPU
		{6A2B1DF5-E5BD-4B23-B1D7-0B47D65F9AD6}.Debug|Any CPU.ActiveCfg = Debug|Any CPU
		{6A2B1DF5-E5BD-4B23-B1D7-0B47D65F9AD6}.Debug|Any CPU.Build.0 = Debug|Any CPU
		{6A2B1DF5-E5BD-4B23-B1D7-0B47D65F9AD6}.Release|Any CPU.ActiveCfg = Release|Any CPU
		{6A2B1DF5-E5BD-4B23-B1D7-0B47D65F9AD6}.Release|Any CPU.Build.0 = Release|Any CPU
		{58F56C85-A5BC-4108-9843-518BFF43C588}.Debug|Any CPU.ActiveCfg = Debug|Any CPU
		{58F56C85-A5BC-4108-9843-518BFF43C588}.Debug|Any CPU.Build.0 = Debug|Any CPU
		{58F56C85-A5BC-4108-9843-518BFF43C588}.Release|Any CPU.ActiveCfg = Release|Any CPU
		{58F56C85-A5BC-4108-9843-518BFF43C588}.Release|Any CPU.Build.0 = Release|Any CPU
		{17CE1A70-26DA-45FF-A45C-D516727D2F18}.Debug|Any CPU.ActiveCfg = Debug|Any CPU
		{17CE1A70-26DA-45FF-A45C-D516727D2F18}.Debug|Any CPU.Build.0 = Debug|Any CPU
		{17CE1A70-26DA-45FF-A45C-D516727D2F18}.Release|Any CPU.ActiveCfg = Release|Any CPU
		{17CE1A70-26DA-45FF-A45C-D516727D2F18}.Release|Any CPU.Build.0 = Release|Any CPU
		{EAE3F827-C9F9-4334-A59F-9333CEE1A868}.Debug|Any CPU.ActiveCfg = Debug|Any CPU
		{EAE3F827-C9F9-4334-A59F-9333CEE1A868}.Debug|Any CPU.Build.0 = Debug|Any CPU
		{EAE3F827-C9F9-4334-A59F-9333CEE1A868}.Release|Any CPU.ActiveCfg = Release|Any CPU
		{EAE3F827-C9F9-4334-A59F-9333CEE1A868}.Release|Any CPU.Build.0 = Release|Any CPU
		{A024AEC8-2718-420E-A864-2E22FF74ABB0}.Debug|Any CPU.ActiveCfg = Debug|Any CPU
		{A024AEC8-2718-420E-A864-2E22FF74ABB0}.Debug|Any CPU.Build.0 = Debug|Any CPU
		{A024AEC8-2718-420E-A864-2E22FF74ABB0}.Release|Any CPU.ActiveCfg = Release|Any CPU
		{A024AEC8-2718-420E-A864-2E22FF74ABB0}.Release|Any CPU.Build.0 = Release|Any CPU
		{406725AB-3F52-4F68-9BE2-DB5A54CB0D2B}.Debug|Any CPU.ActiveCfg = Debug|Any CPU
		{406725AB-3F52-4F68-9BE2-DB5A54CB0D2B}.Debug|Any CPU.Build.0 = Debug|Any CPU
		{406725AB-3F52-4F68-9BE2-DB5A54CB0D2B}.Release|Any CPU.ActiveCfg = Release|Any CPU
		{406725AB-3F52-4F68-9BE2-DB5A54CB0D2B}.Release|Any CPU.Build.0 = Release|Any CPU
		{BDC66366-CB37-4C71-A887-5FEC1ED55025}.Debug|Any CPU.ActiveCfg = Debug|Any CPU
		{BDC66366-CB37-4C71-A887-5FEC1ED55025}.Debug|Any CPU.Build.0 = Debug|Any CPU
		{BDC66366-CB37-4C71-A887-5FEC1ED55025}.Release|Any CPU.ActiveCfg = Release|Any CPU
		{BDC66366-CB37-4C71-A887-5FEC1ED55025}.Release|Any CPU.Build.0 = Release|Any CPU
		{1CF2BEE2-2323-4129-80A3-5001F42E85B2}.Debug|Any CPU.ActiveCfg = Debug|Any CPU
		{1CF2BEE2-2323-4129-80A3-5001F42E85B2}.Debug|Any CPU.Build.0 = Debug|Any CPU
		{1CF2BEE2-2323-4129-80A3-5001F42E85B2}.Release|Any CPU.ActiveCfg = Release|Any CPU
		{1CF2BEE2-2323-4129-80A3-5001F42E85B2}.Release|Any CPU.Build.0 = Release|Any CPU
		{16D02184-89A5-4ABF-BE17-CDE7373C3F59}.Debug|Any CPU.ActiveCfg = Debug|Any CPU
		{16D02184-89A5-4ABF-BE17-CDE7373C3F59}.Debug|Any CPU.Build.0 = Debug|Any CPU
		{16D02184-89A5-4ABF-BE17-CDE7373C3F59}.Release|Any CPU.ActiveCfg = Release|Any CPU
		{16D02184-89A5-4ABF-BE17-CDE7373C3F59}.Release|Any CPU.Build.0 = Release|Any CPU
		{605C5F88-81A5-41FE-8BDB-C8BC8340E09C}.Debug|Any CPU.ActiveCfg = Debug|Any CPU
		{605C5F88-81A5-41FE-8BDB-C8BC8340E09C}.Debug|Any CPU.Build.0 = Debug|Any CPU
		{605C5F88-81A5-41FE-8BDB-C8BC8340E09C}.Release|Any CPU.ActiveCfg = Release|Any CPU
		{605C5F88-81A5-41FE-8BDB-C8BC8340E09C}.Release|Any CPU.Build.0 = Release|Any CPU
		{6453AAE6-17A6-4A7F-AFEA-E830AD636F91}.Debug|Any CPU.ActiveCfg = Debug|Any CPU
		{6453AAE6-17A6-4A7F-AFEA-E830AD636F91}.Debug|Any CPU.Build.0 = Debug|Any CPU
		{6453AAE6-17A6-4A7F-AFEA-E830AD636F91}.Release|Any CPU.ActiveCfg = Release|Any CPU
		{6453AAE6-17A6-4A7F-AFEA-E830AD636F91}.Release|Any CPU.Build.0 = Release|Any CPU
		{79BA8F3A-517E-4A0B-BF7D-1E680737C362}.Debug|Any CPU.ActiveCfg = Debug|Any CPU
		{79BA8F3A-517E-4A0B-BF7D-1E680737C362}.Debug|Any CPU.Build.0 = Debug|Any CPU
		{79BA8F3A-517E-4A0B-BF7D-1E680737C362}.Release|Any CPU.ActiveCfg = Release|Any CPU
		{79BA8F3A-517E-4A0B-BF7D-1E680737C362}.Release|Any CPU.Build.0 = Release|Any CPU
		{12D50716-2817-41E3-B28B-59D3AF4C8416}.Debug|Any CPU.ActiveCfg = Debug|Any CPU
		{12D50716-2817-41E3-B28B-59D3AF4C8416}.Debug|Any CPU.Build.0 = Debug|Any CPU
		{12D50716-2817-41E3-B28B-59D3AF4C8416}.Release|Any CPU.ActiveCfg = Release|Any CPU
		{12D50716-2817-41E3-B28B-59D3AF4C8416}.Release|Any CPU.Build.0 = Release|Any CPU
		{5935664C-9C43-40D1-87BE-304E2409C0E8}.Debug|Any CPU.ActiveCfg = Debug|Any CPU
		{5935664C-9C43-40D1-87BE-304E2409C0E8}.Debug|Any CPU.Build.0 = Debug|Any CPU
		{5935664C-9C43-40D1-87BE-304E2409C0E8}.Release|Any CPU.ActiveCfg = Release|Any CPU
		{5935664C-9C43-40D1-87BE-304E2409C0E8}.Release|Any CPU.Build.0 = Release|Any CPU
		{6B83933F-C0A1-4800-A317-C36B3D4AC65A}.Debug|Any CPU.ActiveCfg = Debug|Any CPU
		{6B83933F-C0A1-4800-A317-C36B3D4AC65A}.Debug|Any CPU.Build.0 = Debug|Any CPU
		{6B83933F-C0A1-4800-A317-C36B3D4AC65A}.Release|Any CPU.ActiveCfg = Release|Any CPU
		{6B83933F-C0A1-4800-A317-C36B3D4AC65A}.Release|Any CPU.Build.0 = Release|Any CPU
		{792329E3-9AE1-4F31-9601-756308C784AA}.Debug|Any CPU.ActiveCfg = Debug|Any CPU
		{792329E3-9AE1-4F31-9601-756308C784AA}.Debug|Any CPU.Build.0 = Debug|Any CPU
		{792329E3-9AE1-4F31-9601-756308C784AA}.Release|Any CPU.ActiveCfg = Release|Any CPU
		{792329E3-9AE1-4F31-9601-756308C784AA}.Release|Any CPU.Build.0 = Release|Any CPU
	EndGlobalSection
	GlobalSection(SolutionProperties) = preSolution
		HideSolutionNode = FALSE
	EndGlobalSection
EndGlobal
