
Microsoft Visual Studio Solution File, Format Version 12.00
# Visual Studio 2013
VisualStudioVersion = 12.0.21005.1
MinimumVisualStudioVersion = 10.0.40219.1
Project("{FAE04EC0-301F-11D3-BF4B-00C04F79EFBC}") = "1.ExamSchedule", "1.ExamSchedule\1.ExamSchedule.csproj", "{15C532E5-1314-4A15-9DBE-B136F0FAA769}"
EndProject
Project("{FAE04EC0-301F-11D3-BF4B-00C04F79EFBC}") = "2.OddEvenElements", "2.OddEvenElements\2.OddEvenElements.csproj", "{8E7D8FB8-2B7A-417C-A2D7-BDB7E81E8A37}"
EndProject
Project("{FAE04EC0-301F-11D3-BF4B-00C04F79EFBC}") = "3.Arrow", "3.Arrow\3.Arrow.csproj", "{B5D63844-0FF3-45A6-9904-B126AB632F9E}"
EndProject
Project("{FAE04EC0-301F-11D3-BF4B-00C04F79EFBC}") = "4.FiveSpecialLetters", "4.\4.FiveSpecialLetters.csproj", "{CB57BE0C-F902-4BB4-B62F-114ED865B64E}"
EndProject
Project("{FAE04EC0-301F-11D3-BF4B-00C04F79EFBC}") = "5.BitsRoller", "5.BitsRoller\5.BitsRoller.csproj", "{07B682D7-9A6D-4C75-B771-DF62140C52FC}"
EndProject
Global
	GlobalSection(SolutionConfigurationPlatforms) = preSolution
		Debug|Any CPU = Debug|Any CPU
		Release|Any CPU = Release|Any CPU
	EndGlobalSection
	GlobalSection(ProjectConfigurationPlatforms) = postSolution
		{15C532E5-1314-4A15-9DBE-B136F0FAA769}.Debug|Any CPU.ActiveCfg = Debug|Any CPU
		{15C532E5-1314-4A15-9DBE-B136F0FAA769}.Debug|Any CPU.Build.0 = Debug|Any CPU
		{15C532E5-1314-4A15-9DBE-B136F0FAA769}.Release|Any CPU.ActiveCfg = Release|Any CPU
		{15C532E5-1314-4A15-9DBE-B136F0FAA769}.Release|Any CPU.Build.0 = Release|Any CPU
		{8E7D8FB8-2B7A-417C-A2D7-BDB7E81E8A37}.Debug|Any CPU.ActiveCfg = Debug|Any CPU
		{8E7D8FB8-2B7A-417C-A2D7-BDB7E81E8A37}.Debug|Any CPU.Build.0 = Debug|Any CPU
		{8E7D8FB8-2B7A-417C-A2D7-BDB7E81E8A37}.Release|Any CPU.ActiveCfg = Release|Any CPU
		{8E7D8FB8-2B7A-417C-A2D7-BDB7E81E8A37}.Release|Any CPU.Build.0 = Release|Any CPU
		{B5D63844-0FF3-45A6-9904-B126AB632F9E}.Debug|Any CPU.ActiveCfg = Debug|Any CPU
		{B5D63844-0FF3-45A6-9904-B126AB632F9E}.Debug|Any CPU.Build.0 = Debug|Any CPU
		{B5D63844-0FF3-45A6-9904-B126AB632F9E}.Release|Any CPU.ActiveCfg = Release|Any CPU
		{B5D63844-0FF3-45A6-9904-B126AB632F9E}.Release|Any CPU.Build.0 = Release|Any CPU
		{CB57BE0C-F902-4BB4-B62F-114ED865B64E}.Debug|Any CPU.ActiveCfg = Debug|Any CPU
		{CB57BE0C-F902-4BB4-B62F-114ED865B64E}.Debug|Any CPU.Build.0 = Debug|Any CPU
		{CB57BE0C-F902-4BB4-B62F-114ED865B64E}.Release|Any CPU.ActiveCfg = Release|Any CPU
		{CB57BE0C-F902-4BB4-B62F-114ED865B64E}.Release|Any CPU.Build.0 = Release|Any CPU
		{07B682D7-9A6D-4C75-B771-DF62140C52FC}.Debug|Any CPU.ActiveCfg = Debug|Any CPU
		{07B682D7-9A6D-4C75-B771-DF62140C52FC}.Debug|Any CPU.Build.0 = Debug|Any CPU
		{07B682D7-9A6D-4C75-B771-DF62140C52FC}.Release|Any CPU.ActiveCfg = Release|Any CPU
		{07B682D7-9A6D-4C75-B771-DF62140C52FC}.Release|Any CPU.Build.0 = Release|Any CPU
	EndGlobalSection
	GlobalSection(SolutionProperties) = preSolution
		HideSolutionNode = FALSE
	EndGlobalSection
EndGlobal
