
Microsoft Visual Studio Solution File, Format Version 12.00
# Visual Studio 2013
VisualStudioVersion = 12.0.21005.1
MinimumVisualStudioVersion = 10.0.40219.1
Project("{FAE04EC0-301F-11D3-BF4B-00C04F79EFBC}") = "1.DeclaringVariables", "DeclaringVariables\1.DeclaringVariables.csproj", "{6C5CCA21-CAAB-46F5-9C3B-99FE04923690}"
EndProject
Project("{FAE04EC0-301F-11D3-BF4B-00C04F79EFBC}") = "2.ComparingProgramForFloatingNumbers", "ComparingProgramForFloatingNumbers\2.ComparingProgramForFloatingNumbers.csproj", "{48E6A45B-E07E-4122-B945-94C1C06E456E}"
EndProject
Project("{FAE04EC0-301F-11D3-BF4B-00C04F79EFBC}") = "3.ConcatinatingHelloWord", "ConcatinatingHelloWord\3.ConcatinatingHelloWord.csproj", "{5D12644B-128A-4A66-BC2E-F3356B656598}"
EndProject
Project("{FAE04EC0-301F-11D3-BF4B-00C04F79EFBC}") = "4.IsoSkeletTriangle", "quotations\4.IsoSkeletTriangle.csproj", "{737782AC-2C1D-49F7-979A-113FE2FCB3F5}"
EndProject
Project("{FAE04EC0-301F-11D3-BF4B-00C04F79EFBC}") = "5.EmployessRecord", "EmployessRecord\5.EmployessRecord.csproj", "{4870AA9C-6D28-4DA6-9CB2-72CDDC3DD03D}"
EndProject
Project("{FAE04EC0-301F-11D3-BF4B-00C04F79EFBC}") = "6.Exchanging values", "Exchanging values\6.Exchanging values.csproj", "{3B87E125-D88E-492B-9BC8-355D39F23426}"
EndProject
Project("{FAE04EC0-301F-11D3-BF4B-00C04F79EFBC}") = "7.ASCI_TABLE", "ASCI_TABLE\7.ASCI_TABLE.csproj", "{2BE583F4-002C-4179-A9D3-677E8A624471}"
EndProject
Project("{FAE04EC0-301F-11D3-BF4B-00C04F79EFBC}") = "8.NullValue", "NullValue\8.NullValue.csproj", "{5570FE0D-3C92-4E84-856F-E5A548E2ADEE}"
EndProject
Project("{FAE04EC0-301F-11D3-BF4B-00C04F79EFBC}") = "9.BankACC", "BankACC\9.BankACC.csproj", "{4AB8484B-3701-4F9A-A9A8-EFDC4FA41636}"
EndProject
Global
	GlobalSection(SolutionConfigurationPlatforms) = preSolution
		Debug|Any CPU = Debug|Any CPU
		Release|Any CPU = Release|Any CPU
	EndGlobalSection
	GlobalSection(ProjectConfigurationPlatforms) = postSolution
		{6C5CCA21-CAAB-46F5-9C3B-99FE04923690}.Debug|Any CPU.ActiveCfg = Debug|Any CPU
		{6C5CCA21-CAAB-46F5-9C3B-99FE04923690}.Debug|Any CPU.Build.0 = Debug|Any CPU
		{6C5CCA21-CAAB-46F5-9C3B-99FE04923690}.Release|Any CPU.ActiveCfg = Release|Any CPU
		{6C5CCA21-CAAB-46F5-9C3B-99FE04923690}.Release|Any CPU.Build.0 = Release|Any CPU
		{48E6A45B-E07E-4122-B945-94C1C06E456E}.Debug|Any CPU.ActiveCfg = Debug|Any CPU
		{48E6A45B-E07E-4122-B945-94C1C06E456E}.Debug|Any CPU.Build.0 = Debug|Any CPU
		{48E6A45B-E07E-4122-B945-94C1C06E456E}.Release|Any CPU.ActiveCfg = Release|Any CPU
		{48E6A45B-E07E-4122-B945-94C1C06E456E}.Release|Any CPU.Build.0 = Release|Any CPU
		{5D12644B-128A-4A66-BC2E-F3356B656598}.Debug|Any CPU.ActiveCfg = Debug|Any CPU
		{5D12644B-128A-4A66-BC2E-F3356B656598}.Debug|Any CPU.Build.0 = Debug|Any CPU
		{5D12644B-128A-4A66-BC2E-F3356B656598}.Release|Any CPU.ActiveCfg = Release|Any CPU
		{5D12644B-128A-4A66-BC2E-F3356B656598}.Release|Any CPU.Build.0 = Release|Any CPU
		{737782AC-2C1D-49F7-979A-113FE2FCB3F5}.Debug|Any CPU.ActiveCfg = Debug|Any CPU
		{737782AC-2C1D-49F7-979A-113FE2FCB3F5}.Debug|Any CPU.Build.0 = Debug|Any CPU
		{737782AC-2C1D-49F7-979A-113FE2FCB3F5}.Release|Any CPU.ActiveCfg = Release|Any CPU
		{737782AC-2C1D-49F7-979A-113FE2FCB3F5}.Release|Any CPU.Build.0 = Release|Any CPU
		{4870AA9C-6D28-4DA6-9CB2-72CDDC3DD03D}.Debug|Any CPU.ActiveCfg = Debug|Any CPU
		{4870AA9C-6D28-4DA6-9CB2-72CDDC3DD03D}.Debug|Any CPU.Build.0 = Debug|Any CPU
		{4870AA9C-6D28-4DA6-9CB2-72CDDC3DD03D}.Release|Any CPU.ActiveCfg = Release|Any CPU
		{4870AA9C-6D28-4DA6-9CB2-72CDDC3DD03D}.Release|Any CPU.Build.0 = Release|Any CPU
		{3B87E125-D88E-492B-9BC8-355D39F23426}.Debug|Any CPU.ActiveCfg = Debug|Any CPU
		{3B87E125-D88E-492B-9BC8-355D39F23426}.Debug|Any CPU.Build.0 = Debug|Any CPU
		{3B87E125-D88E-492B-9BC8-355D39F23426}.Release|Any CPU.ActiveCfg = Release|Any CPU
		{3B87E125-D88E-492B-9BC8-355D39F23426}.Release|Any CPU.Build.0 = Release|Any CPU
		{2BE583F4-002C-4179-A9D3-677E8A624471}.Debug|Any CPU.ActiveCfg = Debug|Any CPU
		{2BE583F4-002C-4179-A9D3-677E8A624471}.Debug|Any CPU.Build.0 = Debug|Any CPU
		{2BE583F4-002C-4179-A9D3-677E8A624471}.Release|Any CPU.ActiveCfg = Release|Any CPU
		{2BE583F4-002C-4179-A9D3-677E8A624471}.Release|Any CPU.Build.0 = Release|Any CPU
		{5570FE0D-3C92-4E84-856F-E5A548E2ADEE}.Debug|Any CPU.ActiveCfg = Debug|Any CPU
		{5570FE0D-3C92-4E84-856F-E5A548E2ADEE}.Debug|Any CPU.Build.0 = Debug|Any CPU
		{5570FE0D-3C92-4E84-856F-E5A548E2ADEE}.Release|Any CPU.ActiveCfg = Release|Any CPU
		{5570FE0D-3C92-4E84-856F-E5A548E2ADEE}.Release|Any CPU.Build.0 = Release|Any CPU
		{4AB8484B-3701-4F9A-A9A8-EFDC4FA41636}.Debug|Any CPU.ActiveCfg = Debug|Any CPU
		{4AB8484B-3701-4F9A-A9A8-EFDC4FA41636}.Debug|Any CPU.Build.0 = Debug|Any CPU
		{4AB8484B-3701-4F9A-A9A8-EFDC4FA41636}.Release|Any CPU.ActiveCfg = Release|Any CPU
		{4AB8484B-3701-4F9A-A9A8-EFDC4FA41636}.Release|Any CPU.Build.0 = Release|Any CPU
	EndGlobalSection
	GlobalSection(SolutionProperties) = preSolution
		HideSolutionNode = FALSE
	EndGlobalSection
EndGlobal
