
Microsoft Visual Studio Solution File, Format Version 12.00
# Visual Studio 2013
VisualStudioVersion = 12.0.21005.1
MinimumVisualStudioVersion = 10.0.40219.1
Project("{FAE04EC0-301F-11D3-BF4B-00C04F79EFBC}") = "1.WorkHours", "1.WorkHours\1.WorkHours.csproj", "{55DC4443-2ADA-4CA5-8D75-70BCBBA50A81}"
EndProject
Project("{FAE04EC0-301F-11D3-BF4B-00C04F79EFBC}") = "2.SumOfElements", "2.SumOfElements\2.SumOfElements.csproj", "{AFA38217-93E8-4156-BC5C-E9ED9F0D0D36}"
EndProject
Project("{FAE04EC0-301F-11D3-BF4B-00C04F79EFBC}") = "3.TheExplorer", "3.TheExplorer\3.TheExplorer.csproj", "{810063F1-D08A-4071-88CE-86623466BDFD}"
EndProject
Project("{FAE04EC0-301F-11D3-BF4B-00C04F79EFBC}") = "4.MagicStrings", "4.MagicStrings\4.MagicStrings.csproj", "{4D23CF82-A83B-4B4D-B536-4653E84A1BF7}"
EndProject
Project("{FAE04EC0-301F-11D3-BF4B-00C04F79EFBC}") = "5.BitSifting", "5.BitSifting\5.BitSifting.csproj", "{E265057C-B0FA-4846-96E0-5A6BDAF61260}"
EndProject
Global
	GlobalSection(SolutionConfigurationPlatforms) = preSolution
		Debug|Any CPU = Debug|Any CPU
		Release|Any CPU = Release|Any CPU
	EndGlobalSection
	GlobalSection(ProjectConfigurationPlatforms) = postSolution
		{55DC4443-2ADA-4CA5-8D75-70BCBBA50A81}.Debug|Any CPU.ActiveCfg = Debug|Any CPU
		{55DC4443-2ADA-4CA5-8D75-70BCBBA50A81}.Debug|Any CPU.Build.0 = Debug|Any CPU
		{55DC4443-2ADA-4CA5-8D75-70BCBBA50A81}.Release|Any CPU.ActiveCfg = Release|Any CPU
		{55DC4443-2ADA-4CA5-8D75-70BCBBA50A81}.Release|Any CPU.Build.0 = Release|Any CPU
		{AFA38217-93E8-4156-BC5C-E9ED9F0D0D36}.Debug|Any CPU.ActiveCfg = Debug|Any CPU
		{AFA38217-93E8-4156-BC5C-E9ED9F0D0D36}.Debug|Any CPU.Build.0 = Debug|Any CPU
		{AFA38217-93E8-4156-BC5C-E9ED9F0D0D36}.Release|Any CPU.ActiveCfg = Release|Any CPU
		{AFA38217-93E8-4156-BC5C-E9ED9F0D0D36}.Release|Any CPU.Build.0 = Release|Any CPU
		{810063F1-D08A-4071-88CE-86623466BDFD}.Debug|Any CPU.ActiveCfg = Debug|Any CPU
		{810063F1-D08A-4071-88CE-86623466BDFD}.Debug|Any CPU.Build.0 = Debug|Any CPU
		{810063F1-D08A-4071-88CE-86623466BDFD}.Release|Any CPU.ActiveCfg = Release|Any CPU
		{810063F1-D08A-4071-88CE-86623466BDFD}.Release|Any CPU.Build.0 = Release|Any CPU
		{4D23CF82-A83B-4B4D-B536-4653E84A1BF7}.Debug|Any CPU.ActiveCfg = Debug|Any CPU
		{4D23CF82-A83B-4B4D-B536-4653E84A1BF7}.Debug|Any CPU.Build.0 = Debug|Any CPU
		{4D23CF82-A83B-4B4D-B536-4653E84A1BF7}.Release|Any CPU.ActiveCfg = Release|Any CPU
		{4D23CF82-A83B-4B4D-B536-4653E84A1BF7}.Release|Any CPU.Build.0 = Release|Any CPU
		{E265057C-B0FA-4846-96E0-5A6BDAF61260}.Debug|Any CPU.ActiveCfg = Debug|Any CPU
		{E265057C-B0FA-4846-96E0-5A6BDAF61260}.Debug|Any CPU.Build.0 = Debug|Any CPU
		{E265057C-B0FA-4846-96E0-5A6BDAF61260}.Release|Any CPU.ActiveCfg = Release|Any CPU
		{E265057C-B0FA-4846-96E0-5A6BDAF61260}.Release|Any CPU.Build.0 = Release|Any CPU
	EndGlobalSection
	GlobalSection(SolutionProperties) = preSolution
		HideSolutionNode = FALSE
	EndGlobalSection
EndGlobal
