
Microsoft Visual Studio Solution File, Format Version 12.00
# Visual Studio 2013
VisualStudioVersion = 12.0.21005.1
MinimumVisualStudioVersion = 10.0.40219.1
Project("{FAE04EC0-301F-11D3-BF4B-00C04F79EFBC}") = "5.FallDown", "5.FallDown\5.FallDown.csproj", "{2B4D05B1-E8E1-4406-BB2E-D4B67B7241C5}"
EndProject
Project("{FAE04EC0-301F-11D3-BF4B-00C04F79EFBC}") = "Matrix", "Matrix\Matrix.csproj", "{BE80F5C2-A933-4217-86FF-B95D753B0D1B}"
EndProject
Project("{FAE04EC0-301F-11D3-BF4B-00C04F79EFBC}") = "SortingMatrix", "SortingMatrix\SortingMatrix.csproj", "{8195211C-A937-486A-8F27-85C4D8BE66B7}"
EndProject
Global
	GlobalSection(SolutionConfigurationPlatforms) = preSolution
		Debug|Any CPU = Debug|Any CPU
		Release|Any CPU = Release|Any CPU
	EndGlobalSection
	GlobalSection(ProjectConfigurationPlatforms) = postSolution
		{2B4D05B1-E8E1-4406-BB2E-D4B67B7241C5}.Debug|Any CPU.ActiveCfg = Debug|Any CPU
		{2B4D05B1-E8E1-4406-BB2E-D4B67B7241C5}.Debug|Any CPU.Build.0 = Debug|Any CPU
		{2B4D05B1-E8E1-4406-BB2E-D4B67B7241C5}.Release|Any CPU.ActiveCfg = Release|Any CPU
		{2B4D05B1-E8E1-4406-BB2E-D4B67B7241C5}.Release|Any CPU.Build.0 = Release|Any CPU
		{BE80F5C2-A933-4217-86FF-B95D753B0D1B}.Debug|Any CPU.ActiveCfg = Debug|Any CPU
		{BE80F5C2-A933-4217-86FF-B95D753B0D1B}.Debug|Any CPU.Build.0 = Debug|Any CPU
		{BE80F5C2-A933-4217-86FF-B95D753B0D1B}.Release|Any CPU.ActiveCfg = Release|Any CPU
		{BE80F5C2-A933-4217-86FF-B95D753B0D1B}.Release|Any CPU.Build.0 = Release|Any CPU
		{8195211C-A937-486A-8F27-85C4D8BE66B7}.Debug|Any CPU.ActiveCfg = Debug|Any CPU
		{8195211C-A937-486A-8F27-85C4D8BE66B7}.Debug|Any CPU.Build.0 = Debug|Any CPU
		{8195211C-A937-486A-8F27-85C4D8BE66B7}.Release|Any CPU.ActiveCfg = Release|Any CPU
		{8195211C-A937-486A-8F27-85C4D8BE66B7}.Release|Any CPU.Build.0 = Release|Any CPU
	EndGlobalSection
	GlobalSection(SolutionProperties) = preSolution
		HideSolutionNode = FALSE
	EndGlobalSection
EndGlobal
