
Microsoft Visual Studio Solution File, Format Version 12.00
# Visual Studio 2013
VisualStudioVersion = 12.0.21005.1
MinimumVisualStudioVersion = 10.0.40219.1
Project("{FAE04EC0-301F-11D3-BF4B-00C04F79EFBC}") = "01.CartesianCoordinateSystem", "01.CartesianCoordinateSystem\01.CartesianCoordinateSystem.csproj", "{67942CF7-D432-4BEE-8581-D833AE679C56}"
EndProject
Project("{FAE04EC0-301F-11D3-BF4B-00C04F79EFBC}") = "02.FitBoxIn", "02.FitBoxIn\02.FitBoxIn.csproj", "{EFF07AC0-654B-43E4-B881-3E3CA5E0174E}"
EndProject
Project("{FAE04EC0-301F-11D3-BF4B-00C04F79EFBC}") = "03.MelonsAndWatermelons", "03.MelonsAndWatermelons\03.MelonsAndWatermelons.csproj", "{2244544C-BC3F-463C-BAB5-5B5543410623}"
EndProject
Project("{FAE04EC0-301F-11D3-BF4B-00C04F79EFBC}") = "04.Electricity", "04.Electricity\04.Electricity.csproj", "{1B36A696-3258-444F-8F91-55E029AB6B32}"
EndProject
Project("{FAE04EC0-301F-11D3-BF4B-00C04F79EFBC}") = "05.JoroTheFootbalPlayer", "05.JoroTheFootbalPlayer\05.JoroTheFootbalPlayer.csproj", "{4B5B72A3-A50C-4F72-A69A-C75B7E9EF5F7}"
EndProject
Project("{FAE04EC0-301F-11D3-BF4B-00C04F79EFBC}") = "06.Volleyball", "06.Volleyball\06.Volleyball.csproj", "{EECAB97C-612D-4FEB-B11C-7F728BB57510}"
EndProject
Project("{FAE04EC0-301F-11D3-BF4B-00C04F79EFBC}") = "07.Workhours", "07.Workhours\07.Workhours.csproj", "{4048D654-723D-471E-A37F-3BF6E8777777}"
EndProject
Project("{FAE04EC0-301F-11D3-BF4B-00C04F79EFBC}") = "08.Cinema", "08.Cinema\08.Cinema.csproj", "{F105FF28-27B6-44E7-B2E8-8F1E36C85E5A}"
EndProject
Project("{FAE04EC0-301F-11D3-BF4B-00C04F79EFBC}") = "09.Triangle", "09.Triangle\09.Triangle.csproj", "{14F2A8E1-8F7E-4241-9E6D-FDC405634D8C}"
EndProject
Project("{FAE04EC0-301F-11D3-BF4B-00C04F79EFBC}") = "10.ExamSchedule", "10.ExamSchedule\10.ExamSchedule.csproj", "{42540E1C-0F38-4D36-8CF6-6B6AC7A5F8A6}"
EndProject
Project("{FAE04EC0-301F-11D3-BF4B-00C04F79EFBC}") = "11.FruitMarket", "11.FruitMarket\11.FruitMarket.csproj", "{0D1EF055-AFEA-41CC-8A26-A09DD0CB0BD0}"
EndProject
Project("{FAE04EC0-301F-11D3-BF4B-00C04F79EFBC}") = "12.InsideBuilding", "12.InsideBuilding\12.InsideBuilding.csproj", "{40AFB31A-16DD-493D-8F1A-19AE06167C47}"
EndProject
Global
	GlobalSection(SolutionConfigurationPlatforms) = preSolution
		Debug|Any CPU = Debug|Any CPU
		Release|Any CPU = Release|Any CPU
	EndGlobalSection
	GlobalSection(ProjectConfigurationPlatforms) = postSolution
		{67942CF7-D432-4BEE-8581-D833AE679C56}.Debug|Any CPU.ActiveCfg = Debug|Any CPU
		{67942CF7-D432-4BEE-8581-D833AE679C56}.Debug|Any CPU.Build.0 = Debug|Any CPU
		{67942CF7-D432-4BEE-8581-D833AE679C56}.Release|Any CPU.ActiveCfg = Release|Any CPU
		{67942CF7-D432-4BEE-8581-D833AE679C56}.Release|Any CPU.Build.0 = Release|Any CPU
		{EFF07AC0-654B-43E4-B881-3E3CA5E0174E}.Debug|Any CPU.ActiveCfg = Debug|Any CPU
		{EFF07AC0-654B-43E4-B881-3E3CA5E0174E}.Debug|Any CPU.Build.0 = Debug|Any CPU
		{EFF07AC0-654B-43E4-B881-3E3CA5E0174E}.Release|Any CPU.ActiveCfg = Release|Any CPU
		{EFF07AC0-654B-43E4-B881-3E3CA5E0174E}.Release|Any CPU.Build.0 = Release|Any CPU
		{2244544C-BC3F-463C-BAB5-5B5543410623}.Debug|Any CPU.ActiveCfg = Debug|Any CPU
		{2244544C-BC3F-463C-BAB5-5B5543410623}.Debug|Any CPU.Build.0 = Debug|Any CPU
		{2244544C-BC3F-463C-BAB5-5B5543410623}.Release|Any CPU.ActiveCfg = Release|Any CPU
		{2244544C-BC3F-463C-BAB5-5B5543410623}.Release|Any CPU.Build.0 = Release|Any CPU
		{1B36A696-3258-444F-8F91-55E029AB6B32}.Debug|Any CPU.ActiveCfg = Debug|Any CPU
		{1B36A696-3258-444F-8F91-55E029AB6B32}.Debug|Any CPU.Build.0 = Debug|Any CPU
		{1B36A696-3258-444F-8F91-55E029AB6B32}.Release|Any CPU.ActiveCfg = Release|Any CPU
		{1B36A696-3258-444F-8F91-55E029AB6B32}.Release|Any CPU.Build.0 = Release|Any CPU
		{4B5B72A3-A50C-4F72-A69A-C75B7E9EF5F7}.Debug|Any CPU.ActiveCfg = Debug|Any CPU
		{4B5B72A3-A50C-4F72-A69A-C75B7E9EF5F7}.Debug|Any CPU.Build.0 = Debug|Any CPU
		{4B5B72A3-A50C-4F72-A69A-C75B7E9EF5F7}.Release|Any CPU.ActiveCfg = Release|Any CPU
		{4B5B72A3-A50C-4F72-A69A-C75B7E9EF5F7}.Release|Any CPU.Build.0 = Release|Any CPU
		{EECAB97C-612D-4FEB-B11C-7F728BB57510}.Debug|Any CPU.ActiveCfg = Debug|Any CPU
		{EECAB97C-612D-4FEB-B11C-7F728BB57510}.Debug|Any CPU.Build.0 = Debug|Any CPU
		{EECAB97C-612D-4FEB-B11C-7F728BB57510}.Release|Any CPU.ActiveCfg = Release|Any CPU
		{EECAB97C-612D-4FEB-B11C-7F728BB57510}.Release|Any CPU.Build.0 = Release|Any CPU
		{4048D654-723D-471E-A37F-3BF6E8777777}.Debug|Any CPU.ActiveCfg = Debug|Any CPU
		{4048D654-723D-471E-A37F-3BF6E8777777}.Debug|Any CPU.Build.0 = Debug|Any CPU
		{4048D654-723D-471E-A37F-3BF6E8777777}.Release|Any CPU.ActiveCfg = Release|Any CPU
		{4048D654-723D-471E-A37F-3BF6E8777777}.Release|Any CPU.Build.0 = Release|Any CPU
		{F105FF28-27B6-44E7-B2E8-8F1E36C85E5A}.Debug|Any CPU.ActiveCfg = Debug|Any CPU
		{F105FF28-27B6-44E7-B2E8-8F1E36C85E5A}.Debug|Any CPU.Build.0 = Debug|Any CPU
		{F105FF28-27B6-44E7-B2E8-8F1E36C85E5A}.Release|Any CPU.ActiveCfg = Release|Any CPU
		{F105FF28-27B6-44E7-B2E8-8F1E36C85E5A}.Release|Any CPU.Build.0 = Release|Any CPU
		{14F2A8E1-8F7E-4241-9E6D-FDC405634D8C}.Debug|Any CPU.ActiveCfg = Debug|Any CPU
		{14F2A8E1-8F7E-4241-9E6D-FDC405634D8C}.Debug|Any CPU.Build.0 = Debug|Any CPU
		{14F2A8E1-8F7E-4241-9E6D-FDC405634D8C}.Release|Any CPU.ActiveCfg = Release|Any CPU
		{14F2A8E1-8F7E-4241-9E6D-FDC405634D8C}.Release|Any CPU.Build.0 = Release|Any CPU
		{42540E1C-0F38-4D36-8CF6-6B6AC7A5F8A6}.Debug|Any CPU.ActiveCfg = Debug|Any CPU
		{42540E1C-0F38-4D36-8CF6-6B6AC7A5F8A6}.Debug|Any CPU.Build.0 = Debug|Any CPU
		{42540E1C-0F38-4D36-8CF6-6B6AC7A5F8A6}.Release|Any CPU.ActiveCfg = Release|Any CPU
		{42540E1C-0F38-4D36-8CF6-6B6AC7A5F8A6}.Release|Any CPU.Build.0 = Release|Any CPU
		{0D1EF055-AFEA-41CC-8A26-A09DD0CB0BD0}.Debug|Any CPU.ActiveCfg = Debug|Any CPU
		{0D1EF055-AFEA-41CC-8A26-A09DD0CB0BD0}.Debug|Any CPU.Build.0 = Debug|Any CPU
		{0D1EF055-AFEA-41CC-8A26-A09DD0CB0BD0}.Release|Any CPU.ActiveCfg = Release|Any CPU
		{0D1EF055-AFEA-41CC-8A26-A09DD0CB0BD0}.Release|Any CPU.Build.0 = Release|Any CPU
		{40AFB31A-16DD-493D-8F1A-19AE06167C47}.Debug|Any CPU.ActiveCfg = Debug|Any CPU
		{40AFB31A-16DD-493D-8F1A-19AE06167C47}.Debug|Any CPU.Build.0 = Debug|Any CPU
		{40AFB31A-16DD-493D-8F1A-19AE06167C47}.Release|Any CPU.ActiveCfg = Release|Any CPU
		{40AFB31A-16DD-493D-8F1A-19AE06167C47}.Release|Any CPU.Build.0 = Release|Any CPU
	EndGlobalSection
	GlobalSection(SolutionProperties) = preSolution
		HideSolutionNode = FALSE
	EndGlobalSection
EndGlobal
