
Microsoft Visual Studio Solution File, Format Version 12.00
# Visual Studio 2013
VisualStudioVersion = 12.0.31101.0
MinimumVisualStudioVersion = 10.0.40219.1
Project("{9092AA53-FB77-4645-B42D-1CCCA6BD08BD}") = "1.BugFix", "1.BugFix\1.BugFix.njsproj", "{F4CA4D6E-26F7-4B3F-B4FE-9087D6841D8D}"
EndProject
Project("{9092AA53-FB77-4645-B42D-1CCCA6BD08BD}") = "2.BugFixLevel2", "2.BugFixLevel2\2.BugFixLevel2.njsproj", "{F32B38FE-7DE8-4948-BAD8-65C3C43DC667}"
EndProject
Global
	GlobalSection(SolutionConfigurationPlatforms) = preSolution
		Debug|Any CPU = Debug|Any CPU
		Release|Any CPU = Release|Any CPU
	EndGlobalSection
	GlobalSection(ProjectConfigurationPlatforms) = postSolution
		{F4CA4D6E-26F7-4B3F-B4FE-9087D6841D8D}.Debug|Any CPU.ActiveCfg = Debug|Any CPU
		{F4CA4D6E-26F7-4B3F-B4FE-9087D6841D8D}.Debug|Any CPU.Build.0 = Debug|Any CPU
		{F4CA4D6E-26F7-4B3F-B4FE-9087D6841D8D}.Release|Any CPU.ActiveCfg = Release|Any CPU
		{F4CA4D6E-26F7-4B3F-B4FE-9087D6841D8D}.Release|Any CPU.Build.0 = Release|Any CPU
		{F32B38FE-7DE8-4948-BAD8-65C3C43DC667}.Debug|Any CPU.ActiveCfg = Debug|Any CPU
		{F32B38FE-7DE8-4948-BAD8-65C3C43DC667}.Debug|Any CPU.Build.0 = Debug|Any CPU
		{F32B38FE-7DE8-4948-BAD8-65C3C43DC667}.Release|Any CPU.ActiveCfg = Release|Any CPU
		{F32B38FE-7DE8-4948-BAD8-65C3C43DC667}.Release|Any CPU.Build.0 = Release|Any CPU
	EndGlobalSection
	GlobalSection(SolutionProperties) = preSolution
		HideSolutionNode = FALSE
	EndGlobalSection
EndGlobal
