
Microsoft Visual Studio Solution File, Format Version 12.00
# Visual Studio 2013
VisualStudioVersion = 12.0.21005.1
MinimumVisualStudioVersion = 10.0.40219.1
Project("{FAE04EC0-301F-11D3-BF4B-00C04F79EFBC}") = "SomeShitt", "Console Input Output\SomeShitt.csproj", "{538A3551-6605-4C5A-B5DF-98445A613F7A}"
EndProject
Project("{FAE04EC0-301F-11D3-BF4B-00C04F79EFBC}") = "1.1Summing3Ints", "Summing3Ints\1.1Summing3Ints.csproj", "{D5172CCB-C06C-4E66-9305-71FEC26C9C80}"
EndProject
Project("{FAE04EC0-301F-11D3-BF4B-00C04F79EFBC}") = "1.2PrintingAreaAndPerimeterOfCyrcle", "1.2PrintingAreaAndPerimeterOfCyrcle\1.2PrintingAreaAndPerimeterOfCyrcle.csproj", "{43FC356A-8A87-4A43-AB14-EBAEDFA17450}"
EndProject
Project("{FAE04EC0-301F-11D3-BF4B-00C04F79EFBC}") = "1.3CompanyManeger", "1.3CompanyManeger\1.3CompanyManeger.csproj", "{C06F7BE8-EDF4-499B-96A9-933487C411B9}"
EndProject
Project("{FAE04EC0-301F-11D3-BF4B-00C04F79EFBC}") = "1.4ProgramForSomething", "1.4ProgramForSomething\1.4ProgramForSomething.csproj", "{C84F6221-18C9-4350-AF30-A9B29F0F3DBF}"
EndProject
Project("{FAE04EC0-301F-11D3-BF4B-00C04F79EFBC}") = "1.5GetsBiggerNumber", "1.5GetsBiggerNumber\1.5GetsBiggerNumber.csproj", "{177DCF80-A41D-4A74-931D-954260ACBB73}"
EndProject
Project("{FAE04EC0-301F-11D3-BF4B-00C04F79EFBC}") = "1.6QuadraticEquation", "1.6QuadraticEquation\1.6QuadraticEquation.csproj", "{3DF00735-9B5E-4CEA-AEA2-D111EB723C91}"
EndProject
Project("{FAE04EC0-301F-11D3-BF4B-00C04F79EFBC}") = "1.7SummingFewNumbers", "1.7SummingFewNumbers\1.7SummingFewNumbers.csproj", "{84C33D29-DC75-41CF-99D7-18BF5A4F8A37}"
EndProject
Project("{FAE04EC0-301F-11D3-BF4B-00C04F79EFBC}") = "1.8EnteringNAndOutPuting[1..N]", "1.8EnteringNAndOutPuting[1..N]\1.8EnteringNAndOutPuting[1..N].csproj", "{91FB43EF-8DDE-4D5F-9AB2-CE33D5E10699}"
EndProject
Project("{FAE04EC0-301F-11D3-BF4B-00C04F79EFBC}") = "1.9FibonacciNumbers", "1.9FibonacciNumbers\1.9FibonacciNumbers.csproj", "{5C7D3C74-33E7-4523-A8CB-15D65D555341}"
EndProject
Project("{FAE04EC0-301F-11D3-BF4B-00C04F79EFBC}") = "2.1Accuracy0.001", "2.1Accuracy0.001\2.1Accuracy0.001.csproj", "{EC97F28C-9E61-4DD8-818F-BEF06BF5922B}"
EndProject
Project("{FAE04EC0-301F-11D3-BF4B-00C04F79EFBC}") = "TronGame", "..\TronGame\TronGame\TronGame.csproj", "{590359C4-B8D7-4689-B29D-10EE10FD5003}"
EndProject
Project("{FAE04EC0-301F-11D3-BF4B-00C04F79EFBC}") = "TronMyTry", "..\TronGame\TronMyTry\TronMyTry.csproj", "{2957C684-7B5B-47CB-9997-E5EE27EB8F7C}"
EndProject
Global
	GlobalSection(SolutionConfigurationPlatforms) = preSolution
		Debug|Any CPU = Debug|Any CPU
		Release|Any CPU = Release|Any CPU
	EndGlobalSection
	GlobalSection(ProjectConfigurationPlatforms) = postSolution
		{538A3551-6605-4C5A-B5DF-98445A613F7A}.Debug|Any CPU.ActiveCfg = Debug|Any CPU
		{538A3551-6605-4C5A-B5DF-98445A613F7A}.Debug|Any CPU.Build.0 = Debug|Any CPU
		{538A3551-6605-4C5A-B5DF-98445A613F7A}.Release|Any CPU.ActiveCfg = Release|Any CPU
		{538A3551-6605-4C5A-B5DF-98445A613F7A}.Release|Any CPU.Build.0 = Release|Any CPU
		{D5172CCB-C06C-4E66-9305-71FEC26C9C80}.Debug|Any CPU.ActiveCfg = Debug|Any CPU
		{D5172CCB-C06C-4E66-9305-71FEC26C9C80}.Debug|Any CPU.Build.0 = Debug|Any CPU
		{D5172CCB-C06C-4E66-9305-71FEC26C9C80}.Release|Any CPU.ActiveCfg = Release|Any CPU
		{D5172CCB-C06C-4E66-9305-71FEC26C9C80}.Release|Any CPU.Build.0 = Release|Any CPU
		{43FC356A-8A87-4A43-AB14-EBAEDFA17450}.Debug|Any CPU.ActiveCfg = Debug|Any CPU
		{43FC356A-8A87-4A43-AB14-EBAEDFA17450}.Debug|Any CPU.Build.0 = Debug|Any CPU
		{43FC356A-8A87-4A43-AB14-EBAEDFA17450}.Release|Any CPU.ActiveCfg = Release|Any CPU
		{43FC356A-8A87-4A43-AB14-EBAEDFA17450}.Release|Any CPU.Build.0 = Release|Any CPU
		{C06F7BE8-EDF4-499B-96A9-933487C411B9}.Debug|Any CPU.ActiveCfg = Debug|Any CPU
		{C06F7BE8-EDF4-499B-96A9-933487C411B9}.Debug|Any CPU.Build.0 = Debug|Any CPU
		{C06F7BE8-EDF4-499B-96A9-933487C411B9}.Release|Any CPU.ActiveCfg = Release|Any CPU
		{C06F7BE8-EDF4-499B-96A9-933487C411B9}.Release|Any CPU.Build.0 = Release|Any CPU
		{C84F6221-18C9-4350-AF30-A9B29F0F3DBF}.Debug|Any CPU.ActiveCfg = Debug|Any CPU
		{C84F6221-18C9-4350-AF30-A9B29F0F3DBF}.Debug|Any CPU.Build.0 = Debug|Any CPU
		{C84F6221-18C9-4350-AF30-A9B29F0F3DBF}.Release|Any CPU.ActiveCfg = Release|Any CPU
		{C84F6221-18C9-4350-AF30-A9B29F0F3DBF}.Release|Any CPU.Build.0 = Release|Any CPU
		{177DCF80-A41D-4A74-931D-954260ACBB73}.Debug|Any CPU.ActiveCfg = Debug|Any CPU
		{177DCF80-A41D-4A74-931D-954260ACBB73}.Debug|Any CPU.Build.0 = Debug|Any CPU
		{177DCF80-A41D-4A74-931D-954260ACBB73}.Release|Any CPU.ActiveCfg = Release|Any CPU
		{177DCF80-A41D-4A74-931D-954260ACBB73}.Release|Any CPU.Build.0 = Release|Any CPU
		{3DF00735-9B5E-4CEA-AEA2-D111EB723C91}.Debug|Any CPU.ActiveCfg = Debug|Any CPU
		{3DF00735-9B5E-4CEA-AEA2-D111EB723C91}.Debug|Any CPU.Build.0 = Debug|Any CPU
		{3DF00735-9B5E-4CEA-AEA2-D111EB723C91}.Release|Any CPU.ActiveCfg = Release|Any CPU
		{3DF00735-9B5E-4CEA-AEA2-D111EB723C91}.Release|Any CPU.Build.0 = Release|Any CPU
		{84C33D29-DC75-41CF-99D7-18BF5A4F8A37}.Debug|Any CPU.ActiveCfg = Debug|Any CPU
		{84C33D29-DC75-41CF-99D7-18BF5A4F8A37}.Debug|Any CPU.Build.0 = Debug|Any CPU
		{84C33D29-DC75-41CF-99D7-18BF5A4F8A37}.Release|Any CPU.ActiveCfg = Release|Any CPU
		{84C33D29-DC75-41CF-99D7-18BF5A4F8A37}.Release|Any CPU.Build.0 = Release|Any CPU
		{91FB43EF-8DDE-4D5F-9AB2-CE33D5E10699}.Debug|Any CPU.ActiveCfg = Debug|Any CPU
		{91FB43EF-8DDE-4D5F-9AB2-CE33D5E10699}.Debug|Any CPU.Build.0 = Debug|Any CPU
		{91FB43EF-8DDE-4D5F-9AB2-CE33D5E10699}.Release|Any CPU.ActiveCfg = Release|Any CPU
		{91FB43EF-8DDE-4D5F-9AB2-CE33D5E10699}.Release|Any CPU.Build.0 = Release|Any CPU
		{5C7D3C74-33E7-4523-A8CB-15D65D555341}.Debug|Any CPU.ActiveCfg = Debug|Any CPU
		{5C7D3C74-33E7-4523-A8CB-15D65D555341}.Debug|Any CPU.Build.0 = Debug|Any CPU
		{5C7D3C74-33E7-4523-A8CB-15D65D555341}.Release|Any CPU.ActiveCfg = Release|Any CPU
		{5C7D3C74-33E7-4523-A8CB-15D65D555341}.Release|Any CPU.Build.0 = Release|Any CPU
		{EC97F28C-9E61-4DD8-818F-BEF06BF5922B}.Debug|Any CPU.ActiveCfg = Debug|Any CPU
		{EC97F28C-9E61-4DD8-818F-BEF06BF5922B}.Debug|Any CPU.Build.0 = Debug|Any CPU
		{EC97F28C-9E61-4DD8-818F-BEF06BF5922B}.Release|Any CPU.ActiveCfg = Release|Any CPU
		{EC97F28C-9E61-4DD8-818F-BEF06BF5922B}.Release|Any CPU.Build.0 = Release|Any CPU
		{590359C4-B8D7-4689-B29D-10EE10FD5003}.Debug|Any CPU.ActiveCfg = Debug|Any CPU
		{590359C4-B8D7-4689-B29D-10EE10FD5003}.Debug|Any CPU.Build.0 = Debug|Any CPU
		{590359C4-B8D7-4689-B29D-10EE10FD5003}.Release|Any CPU.ActiveCfg = Release|Any CPU
		{590359C4-B8D7-4689-B29D-10EE10FD5003}.Release|Any CPU.Build.0 = Release|Any CPU
		{2957C684-7B5B-47CB-9997-E5EE27EB8F7C}.Debug|Any CPU.ActiveCfg = Debug|Any CPU
		{2957C684-7B5B-47CB-9997-E5EE27EB8F7C}.Debug|Any CPU.Build.0 = Debug|Any CPU
		{2957C684-7B5B-47CB-9997-E5EE27EB8F7C}.Release|Any CPU.ActiveCfg = Release|Any CPU
		{2957C684-7B5B-47CB-9997-E5EE27EB8F7C}.Release|Any CPU.Build.0 = Release|Any CPU
	EndGlobalSection
	GlobalSection(SolutionProperties) = preSolution
		HideSolutionNode = FALSE
	EndGlobalSection
EndGlobal
