
Microsoft Visual Studio Solution File, Format Version 12.00
# Visual Studio 2013
VisualStudioVersion = 12.0.21005.1
MinimumVisualStudioVersion = 10.0.40219.1
Project("{FAE04EC0-301F-11D3-BF4B-00C04F79EFBC}") = "1.FruitMarket", "1.FruitMarket\1.FruitMarket.csproj", "{8C8BAEE1-AF55-4073-AD2D-0F4CF4EF425C}"
EndProject
Project("{FAE04EC0-301F-11D3-BF4B-00C04F79EFBC}") = "2.BiggestTriple", "2.BiggestTriple\2.BiggestTriple.csproj", "{C37D2D5A-5585-437E-8899-3560D2C6675F}"
EndProject
Project("{FAE04EC0-301F-11D3-BF4B-00C04F79EFBC}") = "3.WineGlass", "3.WineGlass\3.WineGlass.csproj", "{13FFCF90-064F-47BE-A7AF-D227D06980B5}"
EndProject
Project("{FAE04EC0-301F-11D3-BF4B-00C04F79EFBC}") = "4.LongestAlphabeticalWord", "4.LongestAlphabeticalWord\4.LongestAlphabeticalWord.csproj", "{5E84DDA4-1B55-4C83-8E76-878D74A69808}"
EndProject
Project("{FAE04EC0-301F-11D3-BF4B-00C04F79EFBC}") = "5.BitShooter", "5.BitShooter\5.BitShooter.csproj", "{04628576-3D13-495E-930F-FF953922883A}"
EndProject
Global
	GlobalSection(SolutionConfigurationPlatforms) = preSolution
		Debug|Any CPU = Debug|Any CPU
		Release|Any CPU = Release|Any CPU
	EndGlobalSection
	GlobalSection(ProjectConfigurationPlatforms) = postSolution
		{8C8BAEE1-AF55-4073-AD2D-0F4CF4EF425C}.Debug|Any CPU.ActiveCfg = Debug|Any CPU
		{8C8BAEE1-AF55-4073-AD2D-0F4CF4EF425C}.Debug|Any CPU.Build.0 = Debug|Any CPU
		{8C8BAEE1-AF55-4073-AD2D-0F4CF4EF425C}.Release|Any CPU.ActiveCfg = Release|Any CPU
		{8C8BAEE1-AF55-4073-AD2D-0F4CF4EF425C}.Release|Any CPU.Build.0 = Release|Any CPU
		{C37D2D5A-5585-437E-8899-3560D2C6675F}.Debug|Any CPU.ActiveCfg = Debug|Any CPU
		{C37D2D5A-5585-437E-8899-3560D2C6675F}.Debug|Any CPU.Build.0 = Debug|Any CPU
		{C37D2D5A-5585-437E-8899-3560D2C6675F}.Release|Any CPU.ActiveCfg = Release|Any CPU
		{C37D2D5A-5585-437E-8899-3560D2C6675F}.Release|Any CPU.Build.0 = Release|Any CPU
		{13FFCF90-064F-47BE-A7AF-D227D06980B5}.Debug|Any CPU.ActiveCfg = Debug|Any CPU
		{13FFCF90-064F-47BE-A7AF-D227D06980B5}.Debug|Any CPU.Build.0 = Debug|Any CPU
		{13FFCF90-064F-47BE-A7AF-D227D06980B5}.Release|Any CPU.ActiveCfg = Release|Any CPU
		{13FFCF90-064F-47BE-A7AF-D227D06980B5}.Release|Any CPU.Build.0 = Release|Any CPU
		{5E84DDA4-1B55-4C83-8E76-878D74A69808}.Debug|Any CPU.ActiveCfg = Debug|Any CPU
		{5E84DDA4-1B55-4C83-8E76-878D74A69808}.Debug|Any CPU.Build.0 = Debug|Any CPU
		{5E84DDA4-1B55-4C83-8E76-878D74A69808}.Release|Any CPU.ActiveCfg = Release|Any CPU
		{5E84DDA4-1B55-4C83-8E76-878D74A69808}.Release|Any CPU.Build.0 = Release|Any CPU
		{04628576-3D13-495E-930F-FF953922883A}.Debug|Any CPU.ActiveCfg = Debug|Any CPU
		{04628576-3D13-495E-930F-FF953922883A}.Debug|Any CPU.Build.0 = Debug|Any CPU
		{04628576-3D13-495E-930F-FF953922883A}.Release|Any CPU.ActiveCfg = Release|Any CPU
		{04628576-3D13-495E-930F-FF953922883A}.Release|Any CPU.Build.0 = Release|Any CPU
	EndGlobalSection
	GlobalSection(SolutionProperties) = preSolution
		HideSolutionNode = FALSE
	EndGlobalSection
EndGlobal
