
Microsoft Visual Studio Solution File, Format Version 12.00
# Visual Studio 2013
VisualStudioVersion = 12.0.30723.0
MinimumVisualStudioVersion = 10.0.40219.1
Project("{9092AA53-FB77-4645-B42D-1CCCA6BD08BD}") = "p01_Number-Checker", "p01_Number-Checker\p01_Number-Checker.njsproj", "{5074708A-965A-4972-BB38-402DEB415610}"
EndProject
Project("{9092AA53-FB77-4645-B42D-1CCCA6BD08BD}") = "p02_MinMaxNumbers", "p02_MinMaxNumbers\p02_MinMaxNumbers.njsproj", "{B969449D-1090-4CAC-A28A-40F1105921AD}"
EndProject
Project("{9092AA53-FB77-4645-B42D-1CCCA6BD08BD}") = "p03_Properties", "p03_Properties\p03_Properties.njsproj", "{CADAF4B9-DD3D-4E9B-8226-C831DC34EBF7}"
EndProject
Project("{9092AA53-FB77-4645-B42D-1CCCA6BD08BD}") = "p04_Create-Array", "p04_Create-Array\p04_Create-Array.njsproj", "{B1B54159-0777-4E26-8423-D1A2553C6688}"
EndProject
Project("{9092AA53-FB77-4645-B42D-1CCCA6BD08BD}") = "p05_Compare-Chars", "p05_Compare-Chars\p05_Compare-Chars.njsproj", "{B05B1792-7C1A-4E12-B38C-30454D2E2F6D}"
EndProject
Project("{9092AA53-FB77-4645-B42D-1CCCA6BD08BD}") = "p06_Maximal-Sequence", "p06_Maximal-Sequence\p06_Maximal-Sequence.njsproj", "{0A3BBF3B-004B-4138-B693-5EB9809A7A6E}"
EndProject
Project("{9092AA53-FB77-4645-B42D-1CCCA6BD08BD}") = "p07_Maximal-Increasing-Sequence", "p07_Maximal-Increasing-Sequence\p07_Maximal-Increasing-Sequence.njsproj", "{9CEF9526-52BF-43C8-B718-7FE0E3853AE2}"
EndProject
Project("{9092AA53-FB77-4645-B42D-1CCCA6BD08BD}") = "p08_Sort-Array", "p08_Sort-Array\p08_Sort-Array.njsproj", "{C1C6D7E7-F009-4B85-825F-39DE7D45FD94}"
EndProject
Project("{9092AA53-FB77-4645-B42D-1CCCA6BD08BD}") = "p09_Most-Freq", "p09_Most-Freq\p09_Most-Freq.njsproj", "{D1482D74-741C-48EE-A37F-A1399D3ADBA0}"
EndProject
Project("{9092AA53-FB77-4645-B42D-1CCCA6BD08BD}") = "p10_Reverse-String", "p10_Reverse-String\p10_Reverse-String.njsproj", "{E74A76AD-E201-489E-8444-5ED955D3E0B8}"
EndProject
Project("{9092AA53-FB77-4645-B42D-1CCCA6BD08BD}") = "p11_Check-The-Brackets", "p11_Check-The-Brackets\p11_Check-The-Brackets.njsproj", "{C5D28952-8865-4B80-AA66-858BAFCBB972}"
EndProject
Project("{9092AA53-FB77-4645-B42D-1CCCA6BD08BD}") = "p12_Substring-Count", "p12_Substring-Count\p12_Substring-Count.njsproj", "{A6B09A9A-35D3-4DE4-90AD-0263341996E3}"
EndProject
Project("{9092AA53-FB77-4645-B42D-1CCCA6BD08BD}") = "p13_Replace-the-White-Spaces", "p13_Replace-the-White-Spaces\p13_Replace-the-White-Spaces.njsproj", "{2050C133-72DC-4DD8-A573-0725AD35F18F}"
EndProject
Project("{9092AA53-FB77-4645-B42D-1CCCA6BD08BD}") = "p14_Palindroms", "p14_Palindroms\p14_Palindroms.njsproj", "{F02E0A84-5EB1-4521-BB65-685141992638}"
EndProject
Project("{9092AA53-FB77-4645-B42D-1CCCA6BD08BD}") = "p15_Most-Frequent-Word", "p15_Most-Frequent-Word\p15_Most-Frequent-Word.njsproj", "{D4230973-09AF-46E0-B3F3-916B37E541E4}"
EndProject
Project("{9092AA53-FB77-4645-B42D-1CCCA6BD08BD}") = "p16_Card-Frequencies", "p16_Card-Frequencies\p16_Card-Frequencies.njsproj", "{AE38425D-DF1A-46E9-AACF-EC9805F7231F}"
EndProject
Global
	GlobalSection(SolutionConfigurationPlatforms) = preSolution
		Debug|Any CPU = Debug|Any CPU
		Release|Any CPU = Release|Any CPU
	EndGlobalSection
	GlobalSection(ProjectConfigurationPlatforms) = postSolution
		{5074708A-965A-4972-BB38-402DEB415610}.Debug|Any CPU.ActiveCfg = Debug|Any CPU
		{5074708A-965A-4972-BB38-402DEB415610}.Debug|Any CPU.Build.0 = Debug|Any CPU
		{5074708A-965A-4972-BB38-402DEB415610}.Release|Any CPU.ActiveCfg = Release|Any CPU
		{5074708A-965A-4972-BB38-402DEB415610}.Release|Any CPU.Build.0 = Release|Any CPU
		{B969449D-1090-4CAC-A28A-40F1105921AD}.Debug|Any CPU.ActiveCfg = Debug|Any CPU
		{B969449D-1090-4CAC-A28A-40F1105921AD}.Debug|Any CPU.Build.0 = Debug|Any CPU
		{B969449D-1090-4CAC-A28A-40F1105921AD}.Release|Any CPU.ActiveCfg = Release|Any CPU
		{B969449D-1090-4CAC-A28A-40F1105921AD}.Release|Any CPU.Build.0 = Release|Any CPU
		{CADAF4B9-DD3D-4E9B-8226-C831DC34EBF7}.Debug|Any CPU.ActiveCfg = Debug|Any CPU
		{CADAF4B9-DD3D-4E9B-8226-C831DC34EBF7}.Debug|Any CPU.Build.0 = Debug|Any CPU
		{CADAF4B9-DD3D-4E9B-8226-C831DC34EBF7}.Release|Any CPU.ActiveCfg = Release|Any CPU
		{CADAF4B9-DD3D-4E9B-8226-C831DC34EBF7}.Release|Any CPU.Build.0 = Release|Any CPU
		{B1B54159-0777-4E26-8423-D1A2553C6688}.Debug|Any CPU.ActiveCfg = Debug|Any CPU
		{B1B54159-0777-4E26-8423-D1A2553C6688}.Debug|Any CPU.Build.0 = Debug|Any CPU
		{B1B54159-0777-4E26-8423-D1A2553C6688}.Release|Any CPU.ActiveCfg = Release|Any CPU
		{B1B54159-0777-4E26-8423-D1A2553C6688}.Release|Any CPU.Build.0 = Release|Any CPU
		{B05B1792-7C1A-4E12-B38C-30454D2E2F6D}.Debug|Any CPU.ActiveCfg = Debug|Any CPU
		{B05B1792-7C1A-4E12-B38C-30454D2E2F6D}.Debug|Any CPU.Build.0 = Debug|Any CPU
		{B05B1792-7C1A-4E12-B38C-30454D2E2F6D}.Release|Any CPU.ActiveCfg = Release|Any CPU
		{B05B1792-7C1A-4E12-B38C-30454D2E2F6D}.Release|Any CPU.Build.0 = Release|Any CPU
		{0A3BBF3B-004B-4138-B693-5EB9809A7A6E}.Debug|Any CPU.ActiveCfg = Debug|Any CPU
		{0A3BBF3B-004B-4138-B693-5EB9809A7A6E}.Debug|Any CPU.Build.0 = Debug|Any CPU
		{0A3BBF3B-004B-4138-B693-5EB9809A7A6E}.Release|Any CPU.ActiveCfg = Release|Any CPU
		{0A3BBF3B-004B-4138-B693-5EB9809A7A6E}.Release|Any CPU.Build.0 = Release|Any CPU
		{9CEF9526-52BF-43C8-B718-7FE0E3853AE2}.Debug|Any CPU.ActiveCfg = Debug|Any CPU
		{9CEF9526-52BF-43C8-B718-7FE0E3853AE2}.Debug|Any CPU.Build.0 = Debug|Any CPU
		{9CEF9526-52BF-43C8-B718-7FE0E3853AE2}.Release|Any CPU.ActiveCfg = Release|Any CPU
		{9CEF9526-52BF-43C8-B718-7FE0E3853AE2}.Release|Any CPU.Build.0 = Release|Any CPU
		{C1C6D7E7-F009-4B85-825F-39DE7D45FD94}.Debug|Any CPU.ActiveCfg = Debug|Any CPU
		{C1C6D7E7-F009-4B85-825F-39DE7D45FD94}.Debug|Any CPU.Build.0 = Debug|Any CPU
		{C1C6D7E7-F009-4B85-825F-39DE7D45FD94}.Release|Any CPU.ActiveCfg = Release|Any CPU
		{C1C6D7E7-F009-4B85-825F-39DE7D45FD94}.Release|Any CPU.Build.0 = Release|Any CPU
		{D1482D74-741C-48EE-A37F-A1399D3ADBA0}.Debug|Any CPU.ActiveCfg = Debug|Any CPU
		{D1482D74-741C-48EE-A37F-A1399D3ADBA0}.Debug|Any CPU.Build.0 = Debug|Any CPU
		{D1482D74-741C-48EE-A37F-A1399D3ADBA0}.Release|Any CPU.ActiveCfg = Release|Any CPU
		{D1482D74-741C-48EE-A37F-A1399D3ADBA0}.Release|Any CPU.Build.0 = Release|Any CPU
		{E74A76AD-E201-489E-8444-5ED955D3E0B8}.Debug|Any CPU.ActiveCfg = Debug|Any CPU
		{E74A76AD-E201-489E-8444-5ED955D3E0B8}.Debug|Any CPU.Build.0 = Debug|Any CPU
		{E74A76AD-E201-489E-8444-5ED955D3E0B8}.Release|Any CPU.ActiveCfg = Release|Any CPU
		{E74A76AD-E201-489E-8444-5ED955D3E0B8}.Release|Any CPU.Build.0 = Release|Any CPU
		{C5D28952-8865-4B80-AA66-858BAFCBB972}.Debug|Any CPU.ActiveCfg = Debug|Any CPU
		{C5D28952-8865-4B80-AA66-858BAFCBB972}.Debug|Any CPU.Build.0 = Debug|Any CPU
		{C5D28952-8865-4B80-AA66-858BAFCBB972}.Release|Any CPU.ActiveCfg = Release|Any CPU
		{C5D28952-8865-4B80-AA66-858BAFCBB972}.Release|Any CPU.Build.0 = Release|Any CPU
		{A6B09A9A-35D3-4DE4-90AD-0263341996E3}.Debug|Any CPU.ActiveCfg = Debug|Any CPU
		{A6B09A9A-35D3-4DE4-90AD-0263341996E3}.Debug|Any CPU.Build.0 = Debug|Any CPU
		{A6B09A9A-35D3-4DE4-90AD-0263341996E3}.Release|Any CPU.ActiveCfg = Release|Any CPU
		{A6B09A9A-35D3-4DE4-90AD-0263341996E3}.Release|Any CPU.Build.0 = Release|Any CPU
		{2050C133-72DC-4DD8-A573-0725AD35F18F}.Debug|Any CPU.ActiveCfg = Debug|Any CPU
		{2050C133-72DC-4DD8-A573-0725AD35F18F}.Debug|Any CPU.Build.0 = Debug|Any CPU
		{2050C133-72DC-4DD8-A573-0725AD35F18F}.Release|Any CPU.ActiveCfg = Release|Any CPU
		{2050C133-72DC-4DD8-A573-0725AD35F18F}.Release|Any CPU.Build.0 = Release|Any CPU
		{F02E0A84-5EB1-4521-BB65-685141992638}.Debug|Any CPU.ActiveCfg = Debug|Any CPU
		{F02E0A84-5EB1-4521-BB65-685141992638}.Debug|Any CPU.Build.0 = Debug|Any CPU
		{F02E0A84-5EB1-4521-BB65-685141992638}.Release|Any CPU.ActiveCfg = Release|Any CPU
		{F02E0A84-5EB1-4521-BB65-685141992638}.Release|Any CPU.Build.0 = Release|Any CPU
		{D4230973-09AF-46E0-B3F3-916B37E541E4}.Debug|Any CPU.ActiveCfg = Debug|Any CPU
		{D4230973-09AF-46E0-B3F3-916B37E541E4}.Debug|Any CPU.Build.0 = Debug|Any CPU
		{D4230973-09AF-46E0-B3F3-916B37E541E4}.Release|Any CPU.ActiveCfg = Release|Any CPU
		{D4230973-09AF-46E0-B3F3-916B37E541E4}.Release|Any CPU.Build.0 = Release|Any CPU
		{AE38425D-DF1A-46E9-AACF-EC9805F7231F}.Debug|Any CPU.ActiveCfg = Debug|Any CPU
		{AE38425D-DF1A-46E9-AACF-EC9805F7231F}.Debug|Any CPU.Build.0 = Debug|Any CPU
		{AE38425D-DF1A-46E9-AACF-EC9805F7231F}.Release|Any CPU.ActiveCfg = Release|Any CPU
		{AE38425D-DF1A-46E9-AACF-EC9805F7231F}.Release|Any CPU.Build.0 = Release|Any CPU
	EndGlobalSection
	GlobalSection(SolutionProperties) = preSolution
		HideSolutionNode = FALSE
	EndGlobalSection
EndGlobal
