
Microsoft Visual Studio Solution File, Format Version 12.00
# Visual Studio 2013
VisualStudioVersion = 12.0.21005.1
MinimumVisualStudioVersion = 10.0.40219.1
Project("{FAE04EC0-301F-11D3-BF4B-00C04F79EFBC}") = "01.01Declaring5Variables", "AllTasks\01.01Declaring5Variables.csproj", "{FEC09F53-138A-43B0-93D3-9D345FFDB74C}"
EndProject
Project("{FAE04EC0-301F-11D3-BF4B-00C04F79EFBC}") = "01.02DoubleOrFloat", "01.02DoubleOrFloat\01.02DoubleOrFloat.csproj", "{FDDD938F-DBB7-49C8-BD40-CFF456D0B7B3}"
EndProject
Project("{FAE04EC0-301F-11D3-BF4B-00C04F79EFBC}") = "01.03ComparingFloatNumbers", "01.03ComparingFloatNumbers\01.03ComparingFloatNumbers.csproj", "{DD29DA6C-DE7A-49AD-952B-A308D5AD7DCD}"
EndProject
Project("{FAE04EC0-301F-11D3-BF4B-00C04F79EFBC}") = "01.04HexdecimalInteger", "01.04HexdecimalInteger\01.04HexdecimalInteger.csproj", "{9C37502D-5DA7-4757-A486-D7FBD6D596F2}"
EndProject
Project("{FAE04EC0-301F-11D3-BF4B-00C04F79EFBC}") = "01.05DeclaringCharVariableToGivenNumber", "01.05DeclaringCharVariableToGivenNumber\01.05DeclaringCharVariableToGivenNumber.csproj", "{D7E6C0D3-251A-41F1-AE0A-F2E6FCFF1A20}"
EndProject
Project("{FAE04EC0-301F-11D3-BF4B-00C04F79EFBC}") = "01.06IsFemaleBool", "01.06IsFemaleBool\01.06IsFemaleBool.csproj", "{7D6123EE-CC25-4A32-8172-634434F2FA71}"
EndProject
Project("{FAE04EC0-301F-11D3-BF4B-00C04F79EFBC}") = "01.07ConcatenatingVariables", "01.07ConcatenatingVariables\01.07ConcatenatingVariables.csproj", "{29B12272-568E-4FAB-BD4E-98BEE77C6131}"
EndProject
Project("{FAE04EC0-301F-11D3-BF4B-00C04F79EFBC}") = "01.08MakingStringWithQuotation", "01.08MakingStringWithQuotation\01.08MakingStringWithQuotation.csproj", "{DCDA4A2E-8562-4325-8A62-325740CA3F83}"
EndProject
Project("{FAE04EC0-301F-11D3-BF4B-00C04F79EFBC}") = "01.09IsoscelesTriangle", "01.09IsoscelesTriangle\01.09IsoscelesTriangle.csproj", "{03D1487B-21AA-4A2F-8355-4FC1DC494AA7}"
EndProject
Project("{FAE04EC0-301F-11D3-BF4B-00C04F79EFBC}") = "01.10FirmRecords", "01.10FirmRecords\01.10FirmRecords.csproj", "{68B9B27A-D2FC-4C44-BA86-A43056B7E6DC}"
EndProject
Project("{FAE04EC0-301F-11D3-BF4B-00C04F79EFBC}") = "01.11ExchangingAandB", "01.11ExchangingAandB\01.11ExchangingAandB.csproj", "{A646D9B4-FE19-4AF9-83EF-44CB1E819585}"
EndProject
Project("{FAE04EC0-301F-11D3-BF4B-00C04F79EFBC}") = "01.12ASCII table", "01.12ASCII table\01.12ASCII table.csproj", "{CB070A5D-8EC9-4D01-8FEB-996820C4056A}"
EndProject
Project("{FAE04EC0-301F-11D3-BF4B-00C04F79EFBC}") = "01.13NullingIntegerAndDoubles", "01.13NullingIntegerAndDoubles\01.13NullingIntegerAndDoubles.csproj", "{7DDD65CD-5665-4340-83CB-4AB31B854821}"
EndProject
Project("{FAE04EC0-301F-11D3-BF4B-00C04F79EFBC}") = "01.14BankShits", "01.14BankShits\01.14BankShits.csproj", "{D6C347B4-7DD4-4569-8F30-31380C2B950D}"
EndProject
Project("{FAE04EC0-301F-11D3-BF4B-00C04F79EFBC}") = "02.01ChecksIfNumberIsOddOrEvent", "02.01ChecksIfNumberIsOddOrEvent\02.01ChecksIfNumberIsOddOrEvent.csproj", "{458F9D56-8731-4A6C-8308-C46B215AA8D6}"
EndProject
Project("{FAE04EC0-301F-11D3-BF4B-00C04F79EFBC}") = "02.02BooleanExpressionThatChecksThis", "02.02BooleanExpressionThatChecksThis\02.02BooleanExpressionThatChecksThis.csproj", "{FB57EE68-5099-4444-8B5B-B1EBB50D254E}"
EndProject
Project("{FAE04EC0-301F-11D3-BF4B-00C04F79EFBC}") = "02.03RectangleArea", "02.03RectangleArea\02.03RectangleArea.csproj", "{50BAF1B3-D159-4CF3-ACD2-875F6E2132A4}"
EndProject
Project("{FAE04EC0-301F-11D3-BF4B-00C04F79EFBC}") = "02.04ChecksForGivenNumberInNumber", "02.03\02.04ChecksForGivenNumberInNumber.csproj", "{4F1E253D-2CF4-470B-BCA4-73AA14D8C6B6}"
EndProject
Project("{FAE04EC0-301F-11D3-BF4B-00C04F79EFBC}") = "02.05CheckingThirdBit", "02.05CheckingThirdBit\02.05CheckingThirdBit.csproj", "{86389617-954A-4F2B-8281-60F25FFA6ED1}"
EndProject
Project("{FAE04EC0-301F-11D3-BF4B-00C04F79EFBC}") = "02.06XandYinCyrcle", "02.06XandYinCyrcle\02.06XandYinCyrcle.csproj", "{90D8876A-3346-4FBD-9C1E-E2BC2D043952}"
EndProject
Project("{FAE04EC0-301F-11D3-BF4B-00C04F79EFBC}") = "02.07ChecksForPrimeNumber", "02.07ChecksForPrimeNumber\02.07ChecksForPrimeNumber.csproj", "{839DE9F8-B429-4886-BD4F-508006E67A1B}"
EndProject
Project("{FAE04EC0-301F-11D3-BF4B-00C04F79EFBC}") = "02.08TrapezoidArea", "02.08TrapezoidArea\02.08TrapezoidArea.csproj", "{313AA1D3-7F66-494B-8D24-18C86D1C264E}"
EndProject
Project("{FAE04EC0-301F-11D3-BF4B-00C04F79EFBC}") = "02.09CircleAndRectanglePoints", "02.09CircleAndRectanglePoints\02.09CircleAndRectanglePoints.csproj", "{B846B3C0-45BA-4985-8B2C-81FE53625FA1}"
EndProject
Project("{FAE04EC0-301F-11D3-BF4B-00C04F79EFBC}") = "02.10ChecksBitAtPositionP", "02.10ChecksBitAtPositionP\02.10ChecksBitAtPositionP.csproj", "{F4A0FA2E-2351-49D7-A77E-915FB78963AD}"
EndProject
Project("{FAE04EC0-301F-11D3-BF4B-00C04F79EFBC}") = "02.11ExtractingBits", "02.11ExtractingBits\02.11ExtractingBits.csproj", "{A8E00CB3-3634-4028-8FCB-BEC5CA0D490C}"
EndProject
Project("{FAE04EC0-301F-11D3-BF4B-00C04F79EFBC}") = "02.12NumberValuePositionBR", "02.12NumberValuePositionBR\02.12NumberValuePositionBR.csproj", "{CBB93E27-2C2A-4CAF-B573-6AD64A42B0CF}"
EndProject
Project("{FAE04EC0-301F-11D3-BF4B-00C04F79EFBC}") = "02.13ExchangingBits32Int", "02.13ExchangingBits32Int\02.13ExchangingBits32Int.csproj", "{7251461E-474E-4CF6-B9B4-5E3FCE08A664}"
EndProject
Project("{FAE04EC0-301F-11D3-BF4B-00C04F79EFBC}") = "02.14HarderThan13", "02.14HarderThan13\02.14HarderThan13.csproj", "{A0EA089A-22D5-4345-A9A4-4C1ACD7183D8}"
EndProject
Project("{FAE04EC0-301F-11D3-BF4B-00C04F79EFBC}") = "03.01SummingThreeElements", "03.01SummingThreeElements\03.01SummingThreeElements.csproj", "{910D43E9-175E-43A1-9885-0E2C57C74D43}"
EndProject
Project("{FAE04EC0-301F-11D3-BF4B-00C04F79EFBC}") = "03.02CircleArea", "03.02CircleArea\03.02CircleArea.csproj", "{6E08D21B-EFC6-434A-A3AA-58E1F73C0FFB}"
EndProject
Project("{FAE04EC0-301F-11D3-BF4B-00C04F79EFBC}") = "03.03CompanyInformation", "03.03CompanyInformation\03.03CompanyInformation.csproj", "{E9771CE0-5EE2-4AE1-84D1-F74CE0FBC6E7}"
EndProject
Project("{FAE04EC0-301F-11D3-BF4B-00C04F79EFBC}") = "03.04ExistingPBetweenNumbers", "03.04ExistingPBetweenNumbers\03.04ExistingPBetweenNumbers.csproj", "{9A272879-8D8F-49C7-9B40-6A31A2357F32}"
EndProject
Project("{FAE04EC0-301F-11D3-BF4B-00C04F79EFBC}") = "03.05MaxNumberFromAB", "03.05MaxNumberFromAB\03.05MaxNumberFromAB.csproj", "{74B5D55F-209D-4476-8470-11E5836B4640}"
EndProject
Project("{FAE04EC0-301F-11D3-BF4B-00C04F79EFBC}") = "03.06QuadraticEquation", "03.06QuadraticEquation\03.06QuadraticEquation.csproj", "{7D16E835-0FF3-49EB-873E-205E9A608F11}"
EndProject
Project("{FAE04EC0-301F-11D3-BF4B-00C04F79EFBC}") = "03.07InputingNnumbersAndSumingThem", "03.07InputingNnumbersAndSumingThem\03.07InputingNnumbersAndSumingThem.csproj", "{47909747-D3AD-4124-A7BC-ACFE1A48F41E}"
EndProject
Project("{FAE04EC0-301F-11D3-BF4B-00C04F79EFBC}") = "03.08OuputingNNumbersInLane", "03.08OuputingNNumbersInLane\03.08OuputingNNumbersInLane.csproj", "{AA8A9449-5B1D-4DBC-A73E-D0FA5FDE4031}"
EndProject
Project("{FAE04EC0-301F-11D3-BF4B-00C04F79EFBC}") = "03.09FibonacciSequence", "03.09FibonaciSequence\03.09FibonacciSequence.csproj", "{A419F1EB-1B28-4769-A840-6FD7EDD2123D}"
EndProject
Project("{FAE04EC0-301F-11D3-BF4B-00C04F79EFBC}") = "03.10SummingWithAccuracity", "03.10SummingWithAccuracity\03.10SummingWithAccuracity.csproj", "{C2301619-14A0-444A-94BB-A5C329FF1086}"
EndProject
Project("{FAE04EC0-301F-11D3-BF4B-00C04F79EFBC}") = "04.01ExchangingIntegersWithIf", "04.01ExchangingIntegersWithIf\04.01ExchangingIntegersWithIf.csproj", "{EF406B66-5CC6-409B-91B0-62B8A6C09201}"
EndProject
Project("{FAE04EC0-301F-11D3-BF4B-00C04F79EFBC}") = "04.02ShowingTheSign", "04.02ShowingTheSign\04.02ShowingTheSign.csproj", "{164C43D4-0E56-4FFA-AD22-5500472FE4BB}"
EndProject
Project("{FAE04EC0-301F-11D3-BF4B-00C04F79EFBC}") = "04.03FindingMaxOf3Ints", "04.03FindingMaxOf3Ints\04.03FindingMaxOf3Ints.csproj", "{0A0E966F-0980-443A-84FF-7773022DDB52}"
EndProject
Project("{FAE04EC0-301F-11D3-BF4B-00C04F79EFBC}") = "04.04Sorting3Numbers", "04.Sorting3Numbers\04.04Sorting3Numbers.csproj", "{16F1EC4E-CC45-4A8D-97F2-6C1D2462AC1C}"
EndProject
Project("{FAE04EC0-301F-11D3-BF4B-00C04F79EFBC}") = "04.05ShowingTheNameOfADigit", "04.05ShowingTheNameOfADigit\04.05ShowingTheNameOfADigit.csproj", "{B0CD42D5-1565-4339-8B80-22E43319D4AE}"
EndProject
Project("{FAE04EC0-301F-11D3-BF4B-00C04F79EFBC}") = "04.06QuadricEquasion", "04.06QuadricEquasion\04.06QuadricEquasion.csproj", "{6D2D018B-6AB7-444C-A5E0-185CC28335AF}"
EndProject
Project("{FAE04EC0-301F-11D3-BF4B-00C04F79EFBC}") = "04.07MaxOf5", "04.07MaxOf5\04.07MaxOf5.csproj", "{BA6C7A9D-B287-4487-8313-EF1EB3ACFE6A}"
EndProject
Project("{FAE04EC0-301F-11D3-BF4B-00C04F79EFBC}") = "04.08ChangingUserInputWithSwitch", "04.08ChangingUserInputWithSwitch\04.08ChangingUserInputWithSwitch.csproj", "{2462A92B-7919-4F65-889C-BC586B2B15F5}"
EndProject
Project("{FAE04EC0-301F-11D3-BF4B-00C04F79EFBC}") = "04.09CheckingForSumOf0", "04.09CheckingForSumOf0\04.09CheckingForSumOf0.csproj", "{5FFAE4EB-337D-4E28-B3D3-48BA6DB172E5}"
EndProject
Project("{FAE04EC0-301F-11D3-BF4B-00C04F79EFBC}") = "04.10UserInput[1...9]", "04.10UserInput[1...9]\04.10UserInput[1...9].csproj", "{D8F99B1D-7172-44B7-9C4E-38202362468C}"
EndProject
Project("{FAE04EC0-301F-11D3-BF4B-00C04F79EFBC}") = "04.11OuputtingStringNumber", "04.11\04.11OuputtingStringNumber.csproj", "{9C69BF97-49D5-4559-B2C9-8BCC01DC99D2}"
EndProject
Project("{FAE04EC0-301F-11D3-BF4B-00C04F79EFBC}") = "05.01PrintingNumbers[1...N]", "05.01PrintingNumbers[1...N]\05.01PrintingNumbers[1...N].csproj", "{75CFA5FB-23B7-420C-A6E2-D01650E01AFE}"
EndProject
Project("{FAE04EC0-301F-11D3-BF4B-00C04F79EFBC}") = "05.02Printing[1...N]3And7", "05.02Printing[1...N]3And7\05.02Printing[1...N]3And7.csproj", "{94A8BF82-442F-452C-8886-6EE7C8F11AC8}"
EndProject
Project("{FAE04EC0-301F-11D3-BF4B-00C04F79EFBC}") = "05.03Max-MinOfNumbers", "05.03Max-MinOfNumbers\05.03Max-MinOfNumbers.csproj", "{82E23981-6312-475C-AA3D-AB6E54ED1BED}"
EndProject
Project("{FAE04EC0-301F-11D3-BF4B-00C04F79EFBC}") = "05.04FactorialsNAndK", "05.04\05.04FactorialsNAndK.csproj", "{A55AB554-7E5E-4599-B091-77CB23F902B2}"
EndProject
Project("{FAE04EC0-301F-11D3-BF4B-00C04F79EFBC}") = "05.05MoreFactorials", "05.05MoreFactorials\05.05MoreFactorials.csproj", "{7BAC50F4-FE67-4839-AB34-F7F12A668152}"
EndProject
Project("{FAE04EC0-301F-11D3-BF4B-00C04F79EFBC}") = "05.06SomeFormula", "05.06SomeFormula\05.06SomeFormula.csproj", "{7E238572-AC74-4C89-8542-70284327F1AE}"
EndProject
Project("{FAE04EC0-301F-11D3-BF4B-00C04F79EFBC}") = "05.07SummingNMembersOfFibonacii", "05.07SummingNMembersOfFibonacii\05.07SummingNMembersOfFibonacii.csproj", "{7A3F7FB4-A920-4385-8520-B86DBA605377}"
EndProject
Project("{FAE04EC0-301F-11D3-BF4B-00C04F79EFBC}") = "05.08GCD", "05.08GCD\05.08GCD.csproj", "{4771ECFB-86A2-43E7-94E6-C9BCA953AF53}"
EndProject
Project("{FAE04EC0-301F-11D3-BF4B-00C04F79EFBC}") = "05.09CatalanNumbers", "05.09\05.09CatalanNumbers.csproj", "{7AFF5168-7089-44CE-91DC-4691457E31D1}"
EndProject
Project("{FAE04EC0-301F-11D3-BF4B-00C04F79EFBC}") = "05.10NthCatalanNumber", "05.10NthCatalanNumber\05.10NthCatalanNumber.csproj", "{3ECA67B9-FE9B-4580-9FB1-7EE4301F603F}"
EndProject
Project("{FAE04EC0-301F-11D3-BF4B-00C04F79EFBC}") = "05.11PrintingCardNames", "05.11PrintingCardNames\05.11PrintingCardNames.csproj", "{FA6277B0-2E3A-4DDF-9418-1DF38B40CB54}"
EndProject
Project("{FAE04EC0-301F-11D3-BF4B-00C04F79EFBC}") = "05.12PrintingMatrix", "05.12PrintingMatrix\05.12PrintingMatrix.csproj", "{9DFE7401-3B11-4E00-8532-41AAF5F116E0}"
EndProject
Project("{FAE04EC0-301F-11D3-BF4B-00C04F79EFBC}") = "05.13PrintOutTrailingZeros", "05.13PrintOutTrailingZeros\05.13PrintOutTrailingZeros.csproj", "{C4D7431B-47D1-40C3-97CA-01FD48D75AF0}"
EndProject
Project("{FAE04EC0-301F-11D3-BF4B-00C04F79EFBC}") = "05.14PrintingComplexMatrix", "05.14\05.14PrintingComplexMatrix.csproj", "{3DEF3A0A-FA7F-4EB5-9068-5E83DF13EEC8}"
EndProject
Project("{FAE04EC0-301F-11D3-BF4B-00C04F79EFBC}") = "5.14Another", "5.14Another\5.14Another.csproj", "{360D095A-863C-4F84-B8C5-4C5A1EF46921}"
EndProject
Project("{FAE04EC0-301F-11D3-BF4B-00C04F79EFBC}") = "05.14BestSoliution", "05.14Onemore\05.14BestSoliution.csproj", "{E9209F0B-C79C-4C27-BFC6-61924E0AC62A}"
EndProject
Global
	GlobalSection(SolutionConfigurationPlatforms) = preSolution
		Debug|Any CPU = Debug|Any CPU
		Release|Any CPU = Release|Any CPU
	EndGlobalSection
	GlobalSection(ProjectConfigurationPlatforms) = postSolution
		{FEC09F53-138A-43B0-93D3-9D345FFDB74C}.Debug|Any CPU.ActiveCfg = Debug|Any CPU
		{FEC09F53-138A-43B0-93D3-9D345FFDB74C}.Debug|Any CPU.Build.0 = Debug|Any CPU
		{FEC09F53-138A-43B0-93D3-9D345FFDB74C}.Release|Any CPU.ActiveCfg = Release|Any CPU
		{FEC09F53-138A-43B0-93D3-9D345FFDB74C}.Release|Any CPU.Build.0 = Release|Any CPU
		{FDDD938F-DBB7-49C8-BD40-CFF456D0B7B3}.Debug|Any CPU.ActiveCfg = Debug|Any CPU
		{FDDD938F-DBB7-49C8-BD40-CFF456D0B7B3}.Debug|Any CPU.Build.0 = Debug|Any CPU
		{FDDD938F-DBB7-49C8-BD40-CFF456D0B7B3}.Release|Any CPU.ActiveCfg = Release|Any CPU
		{FDDD938F-DBB7-49C8-BD40-CFF456D0B7B3}.Release|Any CPU.Build.0 = Release|Any CPU
		{DD29DA6C-DE7A-49AD-952B-A308D5AD7DCD}.Debug|Any CPU.ActiveCfg = Debug|Any CPU
		{DD29DA6C-DE7A-49AD-952B-A308D5AD7DCD}.Debug|Any CPU.Build.0 = Debug|Any CPU
		{DD29DA6C-DE7A-49AD-952B-A308D5AD7DCD}.Release|Any CPU.ActiveCfg = Release|Any CPU
		{DD29DA6C-DE7A-49AD-952B-A308D5AD7DCD}.Release|Any CPU.Build.0 = Release|Any CPU
		{9C37502D-5DA7-4757-A486-D7FBD6D596F2}.Debug|Any CPU.ActiveCfg = Debug|Any CPU
		{9C37502D-5DA7-4757-A486-D7FBD6D596F2}.Debug|Any CPU.Build.0 = Debug|Any CPU
		{9C37502D-5DA7-4757-A486-D7FBD6D596F2}.Release|Any CPU.ActiveCfg = Release|Any CPU
		{9C37502D-5DA7-4757-A486-D7FBD6D596F2}.Release|Any CPU.Build.0 = Release|Any CPU
		{D7E6C0D3-251A-41F1-AE0A-F2E6FCFF1A20}.Debug|Any CPU.ActiveCfg = Debug|Any CPU
		{D7E6C0D3-251A-41F1-AE0A-F2E6FCFF1A20}.Debug|Any CPU.Build.0 = Debug|Any CPU
		{D7E6C0D3-251A-41F1-AE0A-F2E6FCFF1A20}.Release|Any CPU.ActiveCfg = Release|Any CPU
		{D7E6C0D3-251A-41F1-AE0A-F2E6FCFF1A20}.Release|Any CPU.Build.0 = Release|Any CPU
		{7D6123EE-CC25-4A32-8172-634434F2FA71}.Debug|Any CPU.ActiveCfg = Debug|Any CPU
		{7D6123EE-CC25-4A32-8172-634434F2FA71}.Debug|Any CPU.Build.0 = Debug|Any CPU
		{7D6123EE-CC25-4A32-8172-634434F2FA71}.Release|Any CPU.ActiveCfg = Release|Any CPU
		{7D6123EE-CC25-4A32-8172-634434F2FA71}.Release|Any CPU.Build.0 = Release|Any CPU
		{29B12272-568E-4FAB-BD4E-98BEE77C6131}.Debug|Any CPU.ActiveCfg = Debug|Any CPU
		{29B12272-568E-4FAB-BD4E-98BEE77C6131}.Debug|Any CPU.Build.0 = Debug|Any CPU
		{29B12272-568E-4FAB-BD4E-98BEE77C6131}.Release|Any CPU.ActiveCfg = Release|Any CPU
		{29B12272-568E-4FAB-BD4E-98BEE77C6131}.Release|Any CPU.Build.0 = Release|Any CPU
		{DCDA4A2E-8562-4325-8A62-325740CA3F83}.Debug|Any CPU.ActiveCfg = Debug|Any CPU
		{DCDA4A2E-8562-4325-8A62-325740CA3F83}.Debug|Any CPU.Build.0 = Debug|Any CPU
		{DCDA4A2E-8562-4325-8A62-325740CA3F83}.Release|Any CPU.ActiveCfg = Release|Any CPU
		{DCDA4A2E-8562-4325-8A62-325740CA3F83}.Release|Any CPU.Build.0 = Release|Any CPU
		{03D1487B-21AA-4A2F-8355-4FC1DC494AA7}.Debug|Any CPU.ActiveCfg = Debug|Any CPU
		{03D1487B-21AA-4A2F-8355-4FC1DC494AA7}.Debug|Any CPU.Build.0 = Debug|Any CPU
		{03D1487B-21AA-4A2F-8355-4FC1DC494AA7}.Release|Any CPU.ActiveCfg = Release|Any CPU
		{03D1487B-21AA-4A2F-8355-4FC1DC494AA7}.Release|Any CPU.Build.0 = Release|Any CPU
		{68B9B27A-D2FC-4C44-BA86-A43056B7E6DC}.Debug|Any CPU.ActiveCfg = Debug|Any CPU
		{68B9B27A-D2FC-4C44-BA86-A43056B7E6DC}.Debug|Any CPU.Build.0 = Debug|Any CPU
		{68B9B27A-D2FC-4C44-BA86-A43056B7E6DC}.Release|Any CPU.ActiveCfg = Release|Any CPU
		{68B9B27A-D2FC-4C44-BA86-A43056B7E6DC}.Release|Any CPU.Build.0 = Release|Any CPU
		{A646D9B4-FE19-4AF9-83EF-44CB1E819585}.Debug|Any CPU.ActiveCfg = Debug|Any CPU
		{A646D9B4-FE19-4AF9-83EF-44CB1E819585}.Debug|Any CPU.Build.0 = Debug|Any CPU
		{A646D9B4-FE19-4AF9-83EF-44CB1E819585}.Release|Any CPU.ActiveCfg = Release|Any CPU
		{A646D9B4-FE19-4AF9-83EF-44CB1E819585}.Release|Any CPU.Build.0 = Release|Any CPU
		{CB070A5D-8EC9-4D01-8FEB-996820C4056A}.Debug|Any CPU.ActiveCfg = Debug|Any CPU
		{CB070A5D-8EC9-4D01-8FEB-996820C4056A}.Debug|Any CPU.Build.0 = Debug|Any CPU
		{CB070A5D-8EC9-4D01-8FEB-996820C4056A}.Release|Any CPU.ActiveCfg = Release|Any CPU
		{CB070A5D-8EC9-4D01-8FEB-996820C4056A}.Release|Any CPU.Build.0 = Release|Any CPU
		{7DDD65CD-5665-4340-83CB-4AB31B854821}.Debug|Any CPU.ActiveCfg = Debug|Any CPU
		{7DDD65CD-5665-4340-83CB-4AB31B854821}.Debug|Any CPU.Build.0 = Debug|Any CPU
		{7DDD65CD-5665-4340-83CB-4AB31B854821}.Release|Any CPU.ActiveCfg = Release|Any CPU
		{7DDD65CD-5665-4340-83CB-4AB31B854821}.Release|Any CPU.Build.0 = Release|Any CPU
		{D6C347B4-7DD4-4569-8F30-31380C2B950D}.Debug|Any CPU.ActiveCfg = Debug|Any CPU
		{D6C347B4-7DD4-4569-8F30-31380C2B950D}.Debug|Any CPU.Build.0 = Debug|Any CPU
		{D6C347B4-7DD4-4569-8F30-31380C2B950D}.Release|Any CPU.ActiveCfg = Release|Any CPU
		{D6C347B4-7DD4-4569-8F30-31380C2B950D}.Release|Any CPU.Build.0 = Release|Any CPU
		{458F9D56-8731-4A6C-8308-C46B215AA8D6}.Debug|Any CPU.ActiveCfg = Debug|Any CPU
		{458F9D56-8731-4A6C-8308-C46B215AA8D6}.Debug|Any CPU.Build.0 = Debug|Any CPU
		{458F9D56-8731-4A6C-8308-C46B215AA8D6}.Release|Any CPU.ActiveCfg = Release|Any CPU
		{458F9D56-8731-4A6C-8308-C46B215AA8D6}.Release|Any CPU.Build.0 = Release|Any CPU
		{FB57EE68-5099-4444-8B5B-B1EBB50D254E}.Debug|Any CPU.ActiveCfg = Debug|Any CPU
		{FB57EE68-5099-4444-8B5B-B1EBB50D254E}.Debug|Any CPU.Build.0 = Debug|Any CPU
		{FB57EE68-5099-4444-8B5B-B1EBB50D254E}.Release|Any CPU.ActiveCfg = Release|Any CPU
		{FB57EE68-5099-4444-8B5B-B1EBB50D254E}.Release|Any CPU.Build.0 = Release|Any CPU
		{50BAF1B3-D159-4CF3-ACD2-875F6E2132A4}.Debug|Any CPU.ActiveCfg = Debug|Any CPU
		{50BAF1B3-D159-4CF3-ACD2-875F6E2132A4}.Debug|Any CPU.Build.0 = Debug|Any CPU
		{50BAF1B3-D159-4CF3-ACD2-875F6E2132A4}.Release|Any CPU.ActiveCfg = Release|Any CPU
		{50BAF1B3-D159-4CF3-ACD2-875F6E2132A4}.Release|Any CPU.Build.0 = Release|Any CPU
		{4F1E253D-2CF4-470B-BCA4-73AA14D8C6B6}.Debug|Any CPU.ActiveCfg = Debug|Any CPU
		{4F1E253D-2CF4-470B-BCA4-73AA14D8C6B6}.Debug|Any CPU.Build.0 = Debug|Any CPU
		{4F1E253D-2CF4-470B-BCA4-73AA14D8C6B6}.Release|Any CPU.ActiveCfg = Release|Any CPU
		{4F1E253D-2CF4-470B-BCA4-73AA14D8C6B6}.Release|Any CPU.Build.0 = Release|Any CPU
		{86389617-954A-4F2B-8281-60F25FFA6ED1}.Debug|Any CPU.ActiveCfg = Debug|Any CPU
		{86389617-954A-4F2B-8281-60F25FFA6ED1}.Debug|Any CPU.Build.0 = Debug|Any CPU
		{86389617-954A-4F2B-8281-60F25FFA6ED1}.Release|Any CPU.ActiveCfg = Release|Any CPU
		{86389617-954A-4F2B-8281-60F25FFA6ED1}.Release|Any CPU.Build.0 = Release|Any CPU
		{90D8876A-3346-4FBD-9C1E-E2BC2D043952}.Debug|Any CPU.ActiveCfg = Debug|Any CPU
		{90D8876A-3346-4FBD-9C1E-E2BC2D043952}.Debug|Any CPU.Build.0 = Debug|Any CPU
		{90D8876A-3346-4FBD-9C1E-E2BC2D043952}.Release|Any CPU.ActiveCfg = Release|Any CPU
		{90D8876A-3346-4FBD-9C1E-E2BC2D043952}.Release|Any CPU.Build.0 = Release|Any CPU
		{839DE9F8-B429-4886-BD4F-508006E67A1B}.Debug|Any CPU.ActiveCfg = Debug|Any CPU
		{839DE9F8-B429-4886-BD4F-508006E67A1B}.Debug|Any CPU.Build.0 = Debug|Any CPU
		{839DE9F8-B429-4886-BD4F-508006E67A1B}.Release|Any CPU.ActiveCfg = Release|Any CPU
		{839DE9F8-B429-4886-BD4F-508006E67A1B}.Release|Any CPU.Build.0 = Release|Any CPU
		{313AA1D3-7F66-494B-8D24-18C86D1C264E}.Debug|Any CPU.ActiveCfg = Debug|Any CPU
		{313AA1D3-7F66-494B-8D24-18C86D1C264E}.Debug|Any CPU.Build.0 = Debug|Any CPU
		{313AA1D3-7F66-494B-8D24-18C86D1C264E}.Release|Any CPU.ActiveCfg = Release|Any CPU
		{313AA1D3-7F66-494B-8D24-18C86D1C264E}.Release|Any CPU.Build.0 = Release|Any CPU
		{B846B3C0-45BA-4985-8B2C-81FE53625FA1}.Debug|Any CPU.ActiveCfg = Debug|Any CPU
		{B846B3C0-45BA-4985-8B2C-81FE53625FA1}.Debug|Any CPU.Build.0 = Debug|Any CPU
		{B846B3C0-45BA-4985-8B2C-81FE53625FA1}.Release|Any CPU.ActiveCfg = Release|Any CPU
		{B846B3C0-45BA-4985-8B2C-81FE53625FA1}.Release|Any CPU.Build.0 = Release|Any CPU
		{F4A0FA2E-2351-49D7-A77E-915FB78963AD}.Debug|Any CPU.ActiveCfg = Debug|Any CPU
		{F4A0FA2E-2351-49D7-A77E-915FB78963AD}.Debug|Any CPU.Build.0 = Debug|Any CPU
		{F4A0FA2E-2351-49D7-A77E-915FB78963AD}.Release|Any CPU.ActiveCfg = Release|Any CPU
		{F4A0FA2E-2351-49D7-A77E-915FB78963AD}.Release|Any CPU.Build.0 = Release|Any CPU
		{A8E00CB3-3634-4028-8FCB-BEC5CA0D490C}.Debug|Any CPU.ActiveCfg = Debug|Any CPU
		{A8E00CB3-3634-4028-8FCB-BEC5CA0D490C}.Debug|Any CPU.Build.0 = Debug|Any CPU
		{A8E00CB3-3634-4028-8FCB-BEC5CA0D490C}.Release|Any CPU.ActiveCfg = Release|Any CPU
		{A8E00CB3-3634-4028-8FCB-BEC5CA0D490C}.Release|Any CPU.Build.0 = Release|Any CPU
		{CBB93E27-2C2A-4CAF-B573-6AD64A42B0CF}.Debug|Any CPU.ActiveCfg = Debug|Any CPU
		{CBB93E27-2C2A-4CAF-B573-6AD64A42B0CF}.Debug|Any CPU.Build.0 = Debug|Any CPU
		{CBB93E27-2C2A-4CAF-B573-6AD64A42B0CF}.Release|Any CPU.ActiveCfg = Release|Any CPU
		{CBB93E27-2C2A-4CAF-B573-6AD64A42B0CF}.Release|Any CPU.Build.0 = Release|Any CPU
		{7251461E-474E-4CF6-B9B4-5E3FCE08A664}.Debug|Any CPU.ActiveCfg = Debug|Any CPU
		{7251461E-474E-4CF6-B9B4-5E3FCE08A664}.Debug|Any CPU.Build.0 = Debug|Any CPU
		{7251461E-474E-4CF6-B9B4-5E3FCE08A664}.Release|Any CPU.ActiveCfg = Release|Any CPU
		{7251461E-474E-4CF6-B9B4-5E3FCE08A664}.Release|Any CPU.Build.0 = Release|Any CPU
		{A0EA089A-22D5-4345-A9A4-4C1ACD7183D8}.Debug|Any CPU.ActiveCfg = Debug|Any CPU
		{A0EA089A-22D5-4345-A9A4-4C1ACD7183D8}.Debug|Any CPU.Build.0 = Debug|Any CPU
		{A0EA089A-22D5-4345-A9A4-4C1ACD7183D8}.Release|Any CPU.ActiveCfg = Release|Any CPU
		{A0EA089A-22D5-4345-A9A4-4C1ACD7183D8}.Release|Any CPU.Build.0 = Release|Any CPU
		{910D43E9-175E-43A1-9885-0E2C57C74D43}.Debug|Any CPU.ActiveCfg = Debug|Any CPU
		{910D43E9-175E-43A1-9885-0E2C57C74D43}.Debug|Any CPU.Build.0 = Debug|Any CPU
		{910D43E9-175E-43A1-9885-0E2C57C74D43}.Release|Any CPU.ActiveCfg = Release|Any CPU
		{910D43E9-175E-43A1-9885-0E2C57C74D43}.Release|Any CPU.Build.0 = Release|Any CPU
		{6E08D21B-EFC6-434A-A3AA-58E1F73C0FFB}.Debug|Any CPU.ActiveCfg = Debug|Any CPU
		{6E08D21B-EFC6-434A-A3AA-58E1F73C0FFB}.Debug|Any CPU.Build.0 = Debug|Any CPU
		{6E08D21B-EFC6-434A-A3AA-58E1F73C0FFB}.Release|Any CPU.ActiveCfg = Release|Any CPU
		{6E08D21B-EFC6-434A-A3AA-58E1F73C0FFB}.Release|Any CPU.Build.0 = Release|Any CPU
		{E9771CE0-5EE2-4AE1-84D1-F74CE0FBC6E7}.Debug|Any CPU.ActiveCfg = Debug|Any CPU
		{E9771CE0-5EE2-4AE1-84D1-F74CE0FBC6E7}.Debug|Any CPU.Build.0 = Debug|Any CPU
		{E9771CE0-5EE2-4AE1-84D1-F74CE0FBC6E7}.Release|Any CPU.ActiveCfg = Release|Any CPU
		{E9771CE0-5EE2-4AE1-84D1-F74CE0FBC6E7}.Release|Any CPU.Build.0 = Release|Any CPU
		{9A272879-8D8F-49C7-9B40-6A31A2357F32}.Debug|Any CPU.ActiveCfg = Debug|Any CPU
		{9A272879-8D8F-49C7-9B40-6A31A2357F32}.Debug|Any CPU.Build.0 = Debug|Any CPU
		{9A272879-8D8F-49C7-9B40-6A31A2357F32}.Release|Any CPU.ActiveCfg = Release|Any CPU
		{9A272879-8D8F-49C7-9B40-6A31A2357F32}.Release|Any CPU.Build.0 = Release|Any CPU
		{74B5D55F-209D-4476-8470-11E5836B4640}.Debug|Any CPU.ActiveCfg = Debug|Any CPU
		{74B5D55F-209D-4476-8470-11E5836B4640}.Debug|Any CPU.Build.0 = Debug|Any CPU
		{74B5D55F-209D-4476-8470-11E5836B4640}.Release|Any CPU.ActiveCfg = Release|Any CPU
		{74B5D55F-209D-4476-8470-11E5836B4640}.Release|Any CPU.Build.0 = Release|Any CPU
		{7D16E835-0FF3-49EB-873E-205E9A608F11}.Debug|Any CPU.ActiveCfg = Debug|Any CPU
		{7D16E835-0FF3-49EB-873E-205E9A608F11}.Debug|Any CPU.Build.0 = Debug|Any CPU
		{7D16E835-0FF3-49EB-873E-205E9A608F11}.Release|Any CPU.ActiveCfg = Release|Any CPU
		{7D16E835-0FF3-49EB-873E-205E9A608F11}.Release|Any CPU.Build.0 = Release|Any CPU
		{47909747-D3AD-4124-A7BC-ACFE1A48F41E}.Debug|Any CPU.ActiveCfg = Debug|Any CPU
		{47909747-D3AD-4124-A7BC-ACFE1A48F41E}.Debug|Any CPU.Build.0 = Debug|Any CPU
		{47909747-D3AD-4124-A7BC-ACFE1A48F41E}.Release|Any CPU.ActiveCfg = Release|Any CPU
		{47909747-D3AD-4124-A7BC-ACFE1A48F41E}.Release|Any CPU.Build.0 = Release|Any CPU
		{AA8A9449-5B1D-4DBC-A73E-D0FA5FDE4031}.Debug|Any CPU.ActiveCfg = Debug|Any CPU
		{AA8A9449-5B1D-4DBC-A73E-D0FA5FDE4031}.Debug|Any CPU.Build.0 = Debug|Any CPU
		{AA8A9449-5B1D-4DBC-A73E-D0FA5FDE4031}.Release|Any CPU.ActiveCfg = Release|Any CPU
		{AA8A9449-5B1D-4DBC-A73E-D0FA5FDE4031}.Release|Any CPU.Build.0 = Release|Any CPU
		{A419F1EB-1B28-4769-A840-6FD7EDD2123D}.Debug|Any CPU.ActiveCfg = Debug|Any CPU
		{A419F1EB-1B28-4769-A840-6FD7EDD2123D}.Debug|Any CPU.Build.0 = Debug|Any CPU
		{A419F1EB-1B28-4769-A840-6FD7EDD2123D}.Release|Any CPU.ActiveCfg = Release|Any CPU
		{A419F1EB-1B28-4769-A840-6FD7EDD2123D}.Release|Any CPU.Build.0 = Release|Any CPU
		{C2301619-14A0-444A-94BB-A5C329FF1086}.Debug|Any CPU.ActiveCfg = Debug|Any CPU
		{C2301619-14A0-444A-94BB-A5C329FF1086}.Debug|Any CPU.Build.0 = Debug|Any CPU
		{C2301619-14A0-444A-94BB-A5C329FF1086}.Release|Any CPU.ActiveCfg = Release|Any CPU
		{C2301619-14A0-444A-94BB-A5C329FF1086}.Release|Any CPU.Build.0 = Release|Any CPU
		{EF406B66-5CC6-409B-91B0-62B8A6C09201}.Debug|Any CPU.ActiveCfg = Debug|Any CPU
		{EF406B66-5CC6-409B-91B0-62B8A6C09201}.Debug|Any CPU.Build.0 = Debug|Any CPU
		{EF406B66-5CC6-409B-91B0-62B8A6C09201}.Release|Any CPU.ActiveCfg = Release|Any CPU
		{EF406B66-5CC6-409B-91B0-62B8A6C09201}.Release|Any CPU.Build.0 = Release|Any CPU
		{164C43D4-0E56-4FFA-AD22-5500472FE4BB}.Debug|Any CPU.ActiveCfg = Debug|Any CPU
		{164C43D4-0E56-4FFA-AD22-5500472FE4BB}.Debug|Any CPU.Build.0 = Debug|Any CPU
		{164C43D4-0E56-4FFA-AD22-5500472FE4BB}.Release|Any CPU.ActiveCfg = Release|Any CPU
		{164C43D4-0E56-4FFA-AD22-5500472FE4BB}.Release|Any CPU.Build.0 = Release|Any CPU
		{0A0E966F-0980-443A-84FF-7773022DDB52}.Debug|Any CPU.ActiveCfg = Debug|Any CPU
		{0A0E966F-0980-443A-84FF-7773022DDB52}.Debug|Any CPU.Build.0 = Debug|Any CPU
		{0A0E966F-0980-443A-84FF-7773022DDB52}.Release|Any CPU.ActiveCfg = Release|Any CPU
		{0A0E966F-0980-443A-84FF-7773022DDB52}.Release|Any CPU.Build.0 = Release|Any CPU
		{16F1EC4E-CC45-4A8D-97F2-6C1D2462AC1C}.Debug|Any CPU.ActiveCfg = Debug|Any CPU
		{16F1EC4E-CC45-4A8D-97F2-6C1D2462AC1C}.Debug|Any CPU.Build.0 = Debug|Any CPU
		{16F1EC4E-CC45-4A8D-97F2-6C1D2462AC1C}.Release|Any CPU.ActiveCfg = Release|Any CPU
		{16F1EC4E-CC45-4A8D-97F2-6C1D2462AC1C}.Release|Any CPU.Build.0 = Release|Any CPU
		{B0CD42D5-1565-4339-8B80-22E43319D4AE}.Debug|Any CPU.ActiveCfg = Debug|Any CPU
		{B0CD42D5-1565-4339-8B80-22E43319D4AE}.Debug|Any CPU.Build.0 = Debug|Any CPU
		{B0CD42D5-1565-4339-8B80-22E43319D4AE}.Release|Any CPU.ActiveCfg = Release|Any CPU
		{B0CD42D5-1565-4339-8B80-22E43319D4AE}.Release|Any CPU.Build.0 = Release|Any CPU
		{6D2D018B-6AB7-444C-A5E0-185CC28335AF}.Debug|Any CPU.ActiveCfg = Debug|Any CPU
		{6D2D018B-6AB7-444C-A5E0-185CC28335AF}.Debug|Any CPU.Build.0 = Debug|Any CPU
		{6D2D018B-6AB7-444C-A5E0-185CC28335AF}.Release|Any CPU.ActiveCfg = Release|Any CPU
		{6D2D018B-6AB7-444C-A5E0-185CC28335AF}.Release|Any CPU.Build.0 = Release|Any CPU
		{BA6C7A9D-B287-4487-8313-EF1EB3ACFE6A}.Debug|Any CPU.ActiveCfg = Debug|Any CPU
		{BA6C7A9D-B287-4487-8313-EF1EB3ACFE6A}.Debug|Any CPU.Build.0 = Debug|Any CPU
		{BA6C7A9D-B287-4487-8313-EF1EB3ACFE6A}.Release|Any CPU.ActiveCfg = Release|Any CPU
		{BA6C7A9D-B287-4487-8313-EF1EB3ACFE6A}.Release|Any CPU.Build.0 = Release|Any CPU
		{2462A92B-7919-4F65-889C-BC586B2B15F5}.Debug|Any CPU.ActiveCfg = Debug|Any CPU
		{2462A92B-7919-4F65-889C-BC586B2B15F5}.Debug|Any CPU.Build.0 = Debug|Any CPU
		{2462A92B-7919-4F65-889C-BC586B2B15F5}.Release|Any CPU.ActiveCfg = Release|Any CPU
		{2462A92B-7919-4F65-889C-BC586B2B15F5}.Release|Any CPU.Build.0 = Release|Any CPU
		{5FFAE4EB-337D-4E28-B3D3-48BA6DB172E5}.Debug|Any CPU.ActiveCfg = Debug|Any CPU
		{5FFAE4EB-337D-4E28-B3D3-48BA6DB172E5}.Debug|Any CPU.Build.0 = Debug|Any CPU
		{5FFAE4EB-337D-4E28-B3D3-48BA6DB172E5}.Release|Any CPU.ActiveCfg = Release|Any CPU
		{5FFAE4EB-337D-4E28-B3D3-48BA6DB172E5}.Release|Any CPU.Build.0 = Release|Any CPU
		{D8F99B1D-7172-44B7-9C4E-38202362468C}.Debug|Any CPU.ActiveCfg = Debug|Any CPU
		{D8F99B1D-7172-44B7-9C4E-38202362468C}.Debug|Any CPU.Build.0 = Debug|Any CPU
		{D8F99B1D-7172-44B7-9C4E-38202362468C}.Release|Any CPU.ActiveCfg = Release|Any CPU
		{D8F99B1D-7172-44B7-9C4E-38202362468C}.Release|Any CPU.Build.0 = Release|Any CPU
		{9C69BF97-49D5-4559-B2C9-8BCC01DC99D2}.Debug|Any CPU.ActiveCfg = Debug|Any CPU
		{9C69BF97-49D5-4559-B2C9-8BCC01DC99D2}.Debug|Any CPU.Build.0 = Debug|Any CPU
		{9C69BF97-49D5-4559-B2C9-8BCC01DC99D2}.Release|Any CPU.ActiveCfg = Release|Any CPU
		{9C69BF97-49D5-4559-B2C9-8BCC01DC99D2}.Release|Any CPU.Build.0 = Release|Any CPU
		{75CFA5FB-23B7-420C-A6E2-D01650E01AFE}.Debug|Any CPU.ActiveCfg = Debug|Any CPU
		{75CFA5FB-23B7-420C-A6E2-D01650E01AFE}.Debug|Any CPU.Build.0 = Debug|Any CPU
		{75CFA5FB-23B7-420C-A6E2-D01650E01AFE}.Release|Any CPU.ActiveCfg = Release|Any CPU
		{75CFA5FB-23B7-420C-A6E2-D01650E01AFE}.Release|Any CPU.Build.0 = Release|Any CPU
		{94A8BF82-442F-452C-8886-6EE7C8F11AC8}.Debug|Any CPU.ActiveCfg = Debug|Any CPU
		{94A8BF82-442F-452C-8886-6EE7C8F11AC8}.Debug|Any CPU.Build.0 = Debug|Any CPU
		{94A8BF82-442F-452C-8886-6EE7C8F11AC8}.Release|Any CPU.ActiveCfg = Release|Any CPU
		{94A8BF82-442F-452C-8886-6EE7C8F11AC8}.Release|Any CPU.Build.0 = Release|Any CPU
		{82E23981-6312-475C-AA3D-AB6E54ED1BED}.Debug|Any CPU.ActiveCfg = Debug|Any CPU
		{82E23981-6312-475C-AA3D-AB6E54ED1BED}.Debug|Any CPU.Build.0 = Debug|Any CPU
		{82E23981-6312-475C-AA3D-AB6E54ED1BED}.Release|Any CPU.ActiveCfg = Release|Any CPU
		{82E23981-6312-475C-AA3D-AB6E54ED1BED}.Release|Any CPU.Build.0 = Release|Any CPU
		{A55AB554-7E5E-4599-B091-77CB23F902B2}.Debug|Any CPU.ActiveCfg = Debug|Any CPU
		{A55AB554-7E5E-4599-B091-77CB23F902B2}.Debug|Any CPU.Build.0 = Debug|Any CPU
		{A55AB554-7E5E-4599-B091-77CB23F902B2}.Release|Any CPU.ActiveCfg = Release|Any CPU
		{A55AB554-7E5E-4599-B091-77CB23F902B2}.Release|Any CPU.Build.0 = Release|Any CPU
		{7BAC50F4-FE67-4839-AB34-F7F12A668152}.Debug|Any CPU.ActiveCfg = Debug|Any CPU
		{7BAC50F4-FE67-4839-AB34-F7F12A668152}.Debug|Any CPU.Build.0 = Debug|Any CPU
		{7BAC50F4-FE67-4839-AB34-F7F12A668152}.Release|Any CPU.ActiveCfg = Release|Any CPU
		{7BAC50F4-FE67-4839-AB34-F7F12A668152}.Release|Any CPU.Build.0 = Release|Any CPU
		{7E238572-AC74-4C89-8542-70284327F1AE}.Debug|Any CPU.ActiveCfg = Debug|Any CPU
		{7E238572-AC74-4C89-8542-70284327F1AE}.Debug|Any CPU.Build.0 = Debug|Any CPU
		{7E238572-AC74-4C89-8542-70284327F1AE}.Release|Any CPU.ActiveCfg = Release|Any CPU
		{7E238572-AC74-4C89-8542-70284327F1AE}.Release|Any CPU.Build.0 = Release|Any CPU
		{7A3F7FB4-A920-4385-8520-B86DBA605377}.Debug|Any CPU.ActiveCfg = Debug|Any CPU
		{7A3F7FB4-A920-4385-8520-B86DBA605377}.Debug|Any CPU.Build.0 = Debug|Any CPU
		{7A3F7FB4-A920-4385-8520-B86DBA605377}.Release|Any CPU.ActiveCfg = Release|Any CPU
		{7A3F7FB4-A920-4385-8520-B86DBA605377}.Release|Any CPU.Build.0 = Release|Any CPU
		{4771ECFB-86A2-43E7-94E6-C9BCA953AF53}.Debug|Any CPU.ActiveCfg = Debug|Any CPU
		{4771ECFB-86A2-43E7-94E6-C9BCA953AF53}.Debug|Any CPU.Build.0 = Debug|Any CPU
		{4771ECFB-86A2-43E7-94E6-C9BCA953AF53}.Release|Any CPU.ActiveCfg = Release|Any CPU
		{4771ECFB-86A2-43E7-94E6-C9BCA953AF53}.Release|Any CPU.Build.0 = Release|Any CPU
		{7AFF5168-7089-44CE-91DC-4691457E31D1}.Debug|Any CPU.ActiveCfg = Debug|Any CPU
		{7AFF5168-7089-44CE-91DC-4691457E31D1}.Debug|Any CPU.Build.0 = Debug|Any CPU
		{7AFF5168-7089-44CE-91DC-4691457E31D1}.Release|Any CPU.ActiveCfg = Release|Any CPU
		{7AFF5168-7089-44CE-91DC-4691457E31D1}.Release|Any CPU.Build.0 = Release|Any CPU
		{3ECA67B9-FE9B-4580-9FB1-7EE4301F603F}.Debug|Any CPU.ActiveCfg = Debug|Any CPU
		{3ECA67B9-FE9B-4580-9FB1-7EE4301F603F}.Debug|Any CPU.Build.0 = Debug|Any CPU
		{3ECA67B9-FE9B-4580-9FB1-7EE4301F603F}.Release|Any CPU.ActiveCfg = Release|Any CPU
		{3ECA67B9-FE9B-4580-9FB1-7EE4301F603F}.Release|Any CPU.Build.0 = Release|Any CPU
		{FA6277B0-2E3A-4DDF-9418-1DF38B40CB54}.Debug|Any CPU.ActiveCfg = Debug|Any CPU
		{FA6277B0-2E3A-4DDF-9418-1DF38B40CB54}.Debug|Any CPU.Build.0 = Debug|Any CPU
		{FA6277B0-2E3A-4DDF-9418-1DF38B40CB54}.Release|Any CPU.ActiveCfg = Release|Any CPU
		{FA6277B0-2E3A-4DDF-9418-1DF38B40CB54}.Release|Any CPU.Build.0 = Release|Any CPU
		{9DFE7401-3B11-4E00-8532-41AAF5F116E0}.Debug|Any CPU.ActiveCfg = Debug|Any CPU
		{9DFE7401-3B11-4E00-8532-41AAF5F116E0}.Debug|Any CPU.Build.0 = Debug|Any CPU
		{9DFE7401-3B11-4E00-8532-41AAF5F116E0}.Release|Any CPU.ActiveCfg = Release|Any CPU
		{9DFE7401-3B11-4E00-8532-41AAF5F116E0}.Release|Any CPU.Build.0 = Release|Any CPU
		{C4D7431B-47D1-40C3-97CA-01FD48D75AF0}.Debug|Any CPU.ActiveCfg = Debug|Any CPU
		{C4D7431B-47D1-40C3-97CA-01FD48D75AF0}.Debug|Any CPU.Build.0 = Debug|Any CPU
		{C4D7431B-47D1-40C3-97CA-01FD48D75AF0}.Release|Any CPU.ActiveCfg = Release|Any CPU
		{C4D7431B-47D1-40C3-97CA-01FD48D75AF0}.Release|Any CPU.Build.0 = Release|Any CPU
		{3DEF3A0A-FA7F-4EB5-9068-5E83DF13EEC8}.Debug|Any CPU.ActiveCfg = Debug|Any CPU
		{3DEF3A0A-FA7F-4EB5-9068-5E83DF13EEC8}.Debug|Any CPU.Build.0 = Debug|Any CPU
		{3DEF3A0A-FA7F-4EB5-9068-5E83DF13EEC8}.Release|Any CPU.ActiveCfg = Release|Any CPU
		{3DEF3A0A-FA7F-4EB5-9068-5E83DF13EEC8}.Release|Any CPU.Build.0 = Release|Any CPU
		{360D095A-863C-4F84-B8C5-4C5A1EF46921}.Debug|Any CPU.ActiveCfg = Debug|Any CPU
		{360D095A-863C-4F84-B8C5-4C5A1EF46921}.Debug|Any CPU.Build.0 = Debug|Any CPU
		{360D095A-863C-4F84-B8C5-4C5A1EF46921}.Release|Any CPU.ActiveCfg = Release|Any CPU
		{360D095A-863C-4F84-B8C5-4C5A1EF46921}.Release|Any CPU.Build.0 = Release|Any CPU
		{E9209F0B-C79C-4C27-BFC6-61924E0AC62A}.Debug|Any CPU.ActiveCfg = Debug|Any CPU
		{E9209F0B-C79C-4C27-BFC6-61924E0AC62A}.Debug|Any CPU.Build.0 = Debug|Any CPU
		{E9209F0B-C79C-4C27-BFC6-61924E0AC62A}.Release|Any CPU.ActiveCfg = Release|Any CPU
		{E9209F0B-C79C-4C27-BFC6-61924E0AC62A}.Release|Any CPU.Build.0 = Release|Any CPU
	EndGlobalSection
	GlobalSection(SolutionProperties) = preSolution
		HideSolutionNode = FALSE
	EndGlobalSection
EndGlobal
